{
    "absolufy-imports": {
        "datetime": "2022-01-20T14:48:51.718037+00:00",
        "domain": "https://pypi.org/pypi/{name}/json",
        "latest_datetime": "2022-01-20T14:48:51.718037+00:00",
        "latest_version": "0.3.1",
        "name": "absolufy-imports",
        "version": "0.3.1"
    },
    "argcomplete": {
        "datetime": "2022-01-03T17:29:35.127698+00:00",
        "domain": "https://pypi.org/pypi/{name}/json",
        "latest_datetime": "2022-01-03T17:29:35.127698+00:00",
        "latest_version": "2.0.0",
        "name": "argcomplete",
        "version": "2.0.0"
    },
    "arrow": {
        "datetime": "2022-09-03T19:35:29.660994+00:00",
        "domain": "https://pypi.org/pypi/{name}/json",
        "latest_datetime": "2022-09-03T19:35:29.660994+00:00",
        "latest_version": "1.2.3",
        "name": "arrow",
        "version": "1.2.3"
    },
    "astpretty": {
        "datetime": "2022-05-16T23:41:23.422340+00:00",
        "domain": "https://pypi.org/pypi/{name}/json",
        "latest_datetime": "2022-05-16T23:41:23.422340+00:00",
        "latest_version": "3.0.0",
        "name": "astpretty",
        "version": "3.0.0"
    },
    "astroid": {
        "datetime": "2023-02-12T17:16:13.343826+00:00",
        "domain": "https://pypi.org/pypi/{name}/json",
        "latest_datetime": "2023-02-12T17:16:13.343826+00:00",
        "latest_version": "2.14.2",
        "name": "astroid",
        "version": "2.14.2"
    },
    "attrs": {
        "datetime": "2022-12-21T09:48:49.401035+00:00",
        "domain": "https://pypi.org/pypi/{name}/json",
        "latest_datetime": "2022-12-21T09:48:49.401035+00:00",
        "latest_version": "22.2.0",
        "name": "attrs",
        "version": "22.2.0"
    },
    "autopep8": {
        "datetime": "2022-12-15T15:06:01.023505+00:00",
        "domain": "https://pypi.org/pypi/{name}/json",
        "latest_datetime": "2022-12-15T15:06:01.023505+00:00",
        "latest_version": "2.0.1",
        "name": "autopep8",
        "version": "2.0.1"
    },
    "babel": {
        "datetime": "2022-11-01T10:45:53.930249+00:00",
        "domain": "https://pypi.org/pypi/{name}/json",
        "latest_datetime": "2022-11-01T10:45:53.930249+00:00",
        "latest_version": "2.11.0",
        "name": "babel",
        "version": "2.11.0"
    },
    "bandit": {
        "datetime": "2022-03-04T07:43:44.165084+00:00",
        "domain": "https://pypi.org/pypi/{name}/json",
        "latest_datetime": "2022-03-04T07:43:44.165084+00:00",
        "latest_version": "1.7.4",
        "name": "bandit",
        "version": "1.7.4"
    },
    "beartype": {
        "datetime": "2023-01-17T08:36:27.714176+00:00",
        "domain": "https://pypi.org/pypi/{name}/json",
        "latest_datetime": "2023-01-17T08:36:27.714176+00:00",
        "latest_version": "0.12.0",
        "name": "beartype",
        "version": "0.12.0"
    },
    "bidict": {
        "datetime": "2023-01-01T01:54:13.937546+00:00",
        "domain": "https://pypi.org/pypi/{name}/json",
        "latest_datetime": "2023-01-01T01:54:13.937546+00:00",
        "latest_version": "0.22.1",
        "name": "bidict",
        "version": "0.22.1"
    },
    "boltons": {
        "datetime": "2021-05-17T01:20:20.023620+00:00",
        "domain": "https://pypi.org/pypi/{name}/json",
        "latest_datetime": "2021-05-17T01:20:20.023620+00:00",
        "latest_version": "21.0.0",
        "name": "boltons",
        "version": "21.0.0"
    },
    "bracex": {
        "datetime": "2022-05-30T14:58:01.709129+00:00",
        "domain": "https://pypi.org/pypi/{name}/json",
        "latest_datetime": "2022-05-30T14:58:01.709129+00:00",
        "latest_version": "2.3.post1",
        "name": "bracex",
        "version": "2.3.post1"
    },
    "certifi": {
        "datetime": "2022-12-07T20:13:19.428014+00:00",
        "domain": "https://pypi.org/pypi/{name}/json",
        "latest_datetime": "2022-12-07T20:13:19.428014+00:00",
        "latest_version": "2022.12.7",
        "name": "certifi",
        "version": "2022.12.7"
    },
    "charset-normalizer": {
        "datetime": "2022-08-19T22:13:46.702012+00:00",
        "domain": "https://pypi.org/pypi/{name}/json",
        "latest_datetime": "2022-11-18T08:16:23.347777+00:00",
        "latest_version": "3.0.1",
        "name": "charset-normalizer",
        "version": "2.1.1"
    },
    "click": {
        "datetime": "2022-04-28T17:36:06.952869+00:00",
        "domain": "https://pypi.org/pypi/{name}/json",
        "latest_datetime": "2022-04-28T17:36:06.952869+00:00",
        "latest_version": "8.1.3",
        "name": "click",
        "version": "8.1.3"
    },
    "click-option-group": {
        "datetime": "2022-10-12T12:12:31.171010+00:00",
        "domain": "https://pypi.org/pypi/{name}/json",
        "latest_datetime": "2022-10-12T12:12:31.171010+00:00",
        "latest_version": "0.5.5",
        "name": "click-option-group",
        "version": "0.5.5"
    },
    "colorama": {
        "datetime": "2022-10-25T02:36:20.889702+00:00",
        "domain": "https://pypi.org/pypi/{name}/json",
        "latest_datetime": "2022-10-25T02:36:20.889702+00:00",
        "latest_version": "0.4.6",
        "name": "colorama",
        "version": "0.4.6"
    },
    "colorlog": {
        "datetime": "2022-08-29T14:51:26.426268+00:00",
        "domain": "https://pypi.org/pypi/{name}/json",
        "latest_datetime": "2022-08-29T14:51:26.426268+00:00",
        "latest_version": "6.7.0",
        "name": "colorlog",
        "version": "6.7.0"
    },
    "commitizen": {
        "datetime": "2023-02-11T03:52:16.661158+00:00",
        "domain": "https://pypi.org/pypi/{name}/json",
        "latest_datetime": "2023-02-11T03:52:16.661158+00:00",
        "latest_version": "2.42.0",
        "name": "commitizen",
        "version": "2.42.0"
    },
    "coverage": {
        "datetime": "2023-01-25T01:23:51.164157+00:00",
        "domain": "https://pypi.org/pypi/{name}/json",
        "latest_datetime": "2023-01-25T01:23:51.164157+00:00",
        "latest_version": "7.1.0",
        "name": "coverage",
        "version": "7.1.0"
    },
    "decli": {
        "datetime": "2020-07-26T08:29:41.079082+00:00",
        "domain": "https://pypi.org/pypi/{name}/json",
        "latest_datetime": "2020-07-26T08:29:41.079082+00:00",
        "latest_version": "0.5.2",
        "name": "decli",
        "version": "0.5.2"
    },
    "defusedxml": {
        "datetime": "2021-03-08T10:59:24.450195+00:00",
        "domain": "https://pypi.org/pypi/{name}/json",
        "latest_datetime": "2021-03-08T10:59:24.450195+00:00",
        "latest_version": "0.7.1",
        "name": "defusedxml",
        "version": "0.7.1"
    },
    "dill": {
        "datetime": "2022-10-23T22:46:30.986990+00:00",
        "domain": "https://pypi.org/pypi/{name}/json",
        "latest_datetime": "2022-10-23T22:46:30.986990+00:00",
        "latest_version": "0.3.6",
        "name": "dill",
        "version": "0.3.6"
    },
    "distlib": {
        "datetime": "2022-08-26T10:01:06.957924+00:00",
        "domain": "https://pypi.org/pypi/{name}/json",
        "latest_datetime": "2022-08-26T10:01:06.957924+00:00",
        "latest_version": "0.3.6",
        "name": "distlib",
        "version": "0.3.6"
    },
    "dlint": {
        "datetime": "2023-02-06T22:18:45.822084+00:00",
        "domain": "https://pypi.org/pypi/{name}/json",
        "latest_datetime": "2023-02-06T22:18:45.822084+00:00",
        "latest_version": "0.14.0",
        "name": "dlint",
        "version": "0.14.0"
    },
    "exceptiongroup": {
        "datetime": "2022-12-23T09:07:03.748150+00:00",
        "domain": "https://pypi.org/pypi/{name}/json",
        "latest_datetime": "2022-12-23T09:07:03.748150+00:00",
        "latest_version": "1.1.0",
        "name": "exceptiongroup",
        "version": "1.1.0"
    },
    "face": {
        "datetime": "2022-10-18T00:31:22.171214+00:00",
        "domain": "https://pypi.org/pypi/{name}/json",
        "latest_datetime": "2022-10-18T00:31:22.171214+00:00",
        "latest_version": "22.0.0",
        "name": "face",
        "version": "22.0.0"
    },
    "filelock": {
        "datetime": "2022-12-28T16:32:55.798822+00:00",
        "domain": "https://pypi.org/pypi/{name}/json",
        "latest_datetime": "2022-12-28T16:32:55.798822+00:00",
        "latest_version": "3.9.0",
        "name": "filelock",
        "version": "3.9.0"
    },
    "flake8": {
        "datetime": "2022-11-23T19:27:54.952585+00:00",
        "domain": "https://pypi.org/pypi/{name}/json",
        "latest_datetime": "2022-11-23T19:27:54.952585+00:00",
        "latest_version": "6.0.0",
        "name": "flake8",
        "version": "6.0.0"
    },
    "flake8-adjustable-complexity": {
        "datetime": "2022-02-24T19:06:06.596554+00:00",
        "domain": "https://pypi.org/pypi/{name}/json",
        "latest_datetime": "2022-02-24T19:06:06.596554+00:00",
        "latest_version": "0.0.6",
        "name": "flake8-adjustable-complexity",
        "version": "0.0.6"
    },
    "flake8-annotations-complexity": {
        "datetime": "2022-02-24T18:29:23.798516+00:00",
        "domain": "https://pypi.org/pypi/{name}/json",
        "latest_datetime": "2022-02-24T18:29:23.798516+00:00",
        "latest_version": "0.0.7",
        "name": "flake8-annotations-complexity",
        "version": "0.0.7"
    },
    "flake8-class-attributes-order": {
        "datetime": "2022-02-24T15:47:08.076899+00:00",
        "domain": "https://pypi.org/pypi/{name}/json",
        "latest_datetime": "2022-02-24T15:47:08.076899+00:00",
        "latest_version": "0.1.3",
        "name": "flake8-class-attributes-order",
        "version": "0.1.3"
    },
    "flake8-executable": {
        "datetime": "2023-01-23T00:39:55.485991+00:00",
        "domain": "https://pypi.org/pypi/{name}/json",
        "latest_datetime": "2023-01-23T00:39:55.485991+00:00",
        "latest_version": "2.1.3",
        "name": "flake8-executable",
        "version": "2.1.3"
    },
    "flake8-expression-complexity": {
        "datetime": "2022-03-19T07:13:03.128527+00:00",
        "domain": "https://pypi.org/pypi/{name}/json",
        "latest_datetime": "2022-03-19T07:13:03.128527+00:00",
        "latest_version": "0.0.11",
        "name": "flake8-expression-complexity",
        "version": "0.0.11"
    },
    "flake8-functions": {
        "datetime": "2022-02-24T10:34:11.139289+00:00",
        "domain": "https://pypi.org/pypi/{name}/json",
        "latest_datetime": "2022-02-24T10:34:11.139289+00:00",
        "latest_version": "0.0.7",
        "name": "flake8-functions",
        "version": "0.0.7"
    },
    "flake8-pep3101": {
        "datetime": "2022-10-08T16:13:32.259461+00:00",
        "domain": "https://pypi.org/pypi/{name}/json",
        "latest_datetime": "2022-10-08T16:13:32.259461+00:00",
        "latest_version": "2.0.0",
        "name": "flake8-pep3101",
        "version": "2.0.0"
    },
    "flake8-pie": {
        "datetime": "2022-08-08T23:51:14.535335+00:00",
        "domain": "https://pypi.org/pypi/{name}/json",
        "latest_datetime": "2022-08-08T23:51:14.535335+00:00",
        "latest_version": "0.16.0",
        "name": "flake8-pie",
        "version": "0.16.0"
    },
    "flake8-plugin-utils": {
        "datetime": "2021-05-05T08:48:55.106877+00:00",
        "domain": "https://pypi.org/pypi/{name}/json",
        "latest_datetime": "2021-05-05T08:48:55.106877+00:00",
        "latest_version": "1.3.2",
        "name": "flake8-plugin-utils",
        "version": "1.3.2"
    },
    "flake8-printf-formatting": {
        "datetime": "2021-02-01T02:14:58.801285+00:00",
        "domain": "https://pypi.org/pypi/{name}/json",
        "latest_datetime": "2021-02-01T02:14:58.801285+00:00",
        "latest_version": "1.1.2",
        "name": "flake8-printf-formatting",
        "version": "1.1.2"
    },
    "flake8-raise": {
        "datetime": "2020-01-26T13:53:13.431444+00:00",
        "domain": "https://pypi.org/pypi/{name}/json",
        "latest_datetime": "2020-01-26T13:53:13.431444+00:00",
        "latest_version": "0.0.5",
        "name": "flake8-raise",
        "version": "0.0.5"
    },
    "flake8-require-beartype": {
        "datetime": "2022-05-22T20:04:15.193807+00:00",
        "domain": "https://pypi.org/pypi/{name}/json",
        "latest_datetime": "2022-05-22T20:04:15.193807+00:00",
        "latest_version": "0.1.1",
        "name": "flake8-require-beartype",
        "version": "0.1.1"
    },
    "flake8-sql": {
        "datetime": "2020-06-27T20:18:47.766579+00:00",
        "domain": "https://pypi.org/pypi/{name}/json",
        "latest_datetime": "2020-06-27T20:18:47.766579+00:00",
        "latest_version": "0.4.1",
        "name": "flake8-sql",
        "version": "0.4.1"
    },
    "flake8-string-format": {
        "datetime": "2020-02-16T15:27:49.327646+00:00",
        "domain": "https://pypi.org/pypi/{name}/json",
        "latest_datetime": "2020-02-16T15:27:49.327646+00:00",
        "latest_version": "0.3.0",
        "name": "flake8-string-format",
        "version": "0.3.0"
    },
    "flake8-super": {
        "datetime": "2021-05-31T07:19:38.166861+00:00",
        "domain": "https://pypi.org/pypi/{name}/json",
        "latest_datetime": "2021-05-31T07:19:38.166861+00:00",
        "latest_version": "0.1.3",
        "name": "flake8-super",
        "version": "0.1.3"
    },
    "flake8-tuple": {
        "datetime": "2020-11-15T20:00:10.175970+00:00",
        "domain": "https://pypi.org/pypi/{name}/json",
        "latest_datetime": "2020-11-15T20:00:10.175970+00:00",
        "latest_version": "0.4.1",
        "name": "flake8-tuple",
        "version": "0.4.1"
    },
    "flake8-typing-imports": {
        "datetime": "2022-10-24T23:26:19.372622+00:00",
        "domain": "https://pypi.org/pypi/{name}/json",
        "latest_datetime": "2022-10-24T23:26:19.372622+00:00",
        "latest_version": "1.14.0",
        "name": "flake8-typing-imports",
        "version": "1.14.0"
    },
    "flake8-use-pathlib": {
        "datetime": "2022-08-14T08:04:50.534260+00:00",
        "domain": "https://pypi.org/pypi/{name}/json",
        "latest_datetime": "2022-08-14T08:04:50.534260+00:00",
        "latest_version": "0.3.0",
        "name": "flake8-use-pathlib",
        "version": "0.3.0"
    },
    "flake8-variables-names": {
        "datetime": "2022-02-24T12:39:55.482580+00:00",
        "domain": "https://pypi.org/pypi/{name}/json",
        "latest_datetime": "2022-02-24T12:39:55.482580+00:00",
        "latest_version": "0.0.5",
        "name": "flake8-variables-names",
        "version": "0.0.5"
    },
    "ghp-import": {
        "datetime": "2022-05-02T15:47:14.552377+00:00",
        "domain": "https://pypi.org/pypi/{name}/json",
        "latest_datetime": "2022-05-02T15:47:14.552377+00:00",
        "latest_version": "2.1.0",
        "name": "ghp-import",
        "version": "2.1.0"
    },
    "gitdb": {
        "datetime": "2022-11-24T05:26:45.958489+00:00",
        "domain": "https://pypi.org/pypi/{name}/json",
        "latest_datetime": "2022-11-24T05:26:45.958489+00:00",
        "latest_version": "4.0.10",
        "name": "gitdb",
        "version": "4.0.10"
    },
    "gitpython": {
        "datetime": "2023-02-16T16:33:14.130558+00:00",
        "domain": "https://pypi.org/pypi/{name}/json",
        "latest_datetime": "2023-02-16T16:33:14.130558+00:00",
        "latest_version": "3.1.31",
        "name": "gitpython",
        "version": "3.1.31"
    },
    "glom": {
        "datetime": "2022-01-24T09:34:02.391619+00:00",
        "domain": "https://pypi.org/pypi/{name}/json",
        "latest_datetime": "2023-01-19T08:15:12.999490+00:00",
        "latest_version": "23.1.1",
        "name": "glom",
        "version": "22.1.0"
    },
    "griffe": {
        "datetime": "2023-02-16T21:00:01.414775+00:00",
        "domain": "https://pypi.org/pypi/{name}/json",
        "latest_datetime": "2023-02-16T21:00:01.414775+00:00",
        "latest_version": "0.25.5",
        "name": "griffe",
        "version": "0.25.5"
    },
    "httplib2": {
        "datetime": "2022-10-29T12:34:20.519565+00:00",
        "domain": "https://pypi.org/pypi/{name}/json",
        "latest_datetime": "2022-10-29T12:34:20.519565+00:00",
        "latest_version": "0.21.0",
        "name": "httplib2",
        "version": "0.21.0"
    },
    "idna": {
        "datetime": "2022-09-14T00:24:23.220218+00:00",
        "domain": "https://pypi.org/pypi/{name}/json",
        "latest_datetime": "2022-09-14T00:24:23.220218+00:00",
        "latest_version": "3.4",
        "name": "idna",
        "version": "3.4"
    },
    "importlib-metadata": {
        "datetime": "2023-01-01T18:03:07.879016+00:00",
        "domain": "https://pypi.org/pypi/{name}/json",
        "latest_datetime": "2023-01-01T18:03:07.879016+00:00",
        "latest_version": "6.0.0",
        "name": "importlib-metadata",
        "version": "6.0.0"
    },
    "importlib-resources": {
        "datetime": "2023-02-17T22:32:19.266735+00:00",
        "domain": "https://pypi.org/pypi/{name}/json",
        "latest_datetime": "2023-02-17T22:32:19.266735+00:00",
        "latest_version": "5.12.0",
        "name": "importlib-resources",
        "version": "5.12.0"
    },
    "iniconfig": {
        "datetime": "2023-01-07T11:08:09.864484+00:00",
        "domain": "https://pypi.org/pypi/{name}/json",
        "latest_datetime": "2023-01-07T11:08:09.864484+00:00",
        "latest_version": "2.0.0",
        "name": "iniconfig",
        "version": "2.0.0"
    },
    "invoke": {
        "datetime": "2023-01-16T22:24:34.645087+00:00",
        "domain": "https://pypi.org/pypi/{name}/json",
        "latest_datetime": "2023-01-16T22:24:34.645087+00:00",
        "latest_version": "2.0.0",
        "name": "invoke",
        "version": "2.0.0"
    },
    "isort": {
        "datetime": "2023-01-28T17:10:21.149615+00:00",
        "domain": "https://pypi.org/pypi/{name}/json",
        "latest_datetime": "2023-01-30T09:45:09.902461+00:00",
        "latest_version": "5.11.5",
        "name": "isort",
        "version": "5.12.0"
    },
    "jinja2": {
        "datetime": "2022-04-28T17:21:25.336093+00:00",
        "domain": "https://pypi.org/pypi/{name}/json",
        "latest_datetime": "2022-04-28T17:21:25.336093+00:00",
        "latest_version": "3.1.2",
        "name": "jinja2",
        "version": "3.1.2"
    },
    "jsonschema": {
        "datetime": "2022-11-29T20:37:45.842836+00:00",
        "domain": "https://pypi.org/pypi/{name}/json",
        "latest_datetime": "2022-11-29T20:37:45.842836+00:00",
        "latest_version": "4.17.3",
        "name": "jsonschema",
        "version": "4.17.3"
    },
    "lazy-object-proxy": {
        "datetime": "2023-01-04T19:55:58.968594+00:00",
        "domain": "https://pypi.org/pypi/{name}/json",
        "latest_datetime": "2023-01-04T19:55:58.968594+00:00",
        "latest_version": "1.9.0",
        "name": "lazy-object-proxy",
        "version": "1.9.0"
    },
    "markdown": {
        "datetime": "2022-05-05T19:08:38.155612+00:00",
        "domain": "https://pypi.org/pypi/{name}/json",
        "latest_datetime": "2022-07-15T19:15:37.044395+00:00",
        "latest_version": "3.4.1",
        "name": "markdown",
        "version": "3.3.7"
    },
    "markdown-it-py": {
        "datetime": "2022-04-16T13:53:33.268011+00:00",
        "domain": "https://pypi.org/pypi/{name}/json",
        "latest_datetime": "2022-04-16T13:53:33.268011+00:00",
        "latest_version": "2.1.0",
        "name": "markdown-it-py",
        "version": "2.1.0"
    },
    "markupsafe": {
        "datetime": "2023-01-17T18:22:52.787182+00:00",
        "domain": "https://pypi.org/pypi/{name}/json",
        "latest_datetime": "2023-01-17T18:22:52.787182+00:00",
        "latest_version": "2.1.2",
        "name": "markupsafe",
        "version": "2.1.2"
    },
    "mccabe": {
        "datetime": "2022-01-24T01:14:49.620723+00:00",
        "domain": "https://pypi.org/pypi/{name}/json",
        "latest_datetime": "2022-01-24T01:14:49.620723+00:00",
        "latest_version": "0.7.0",
        "name": "mccabe",
        "version": "0.7.0"
    },
    "mdurl": {
        "datetime": "2022-08-14T12:40:09.779676+00:00",
        "domain": "https://pypi.org/pypi/{name}/json",
        "latest_datetime": "2022-08-14T12:40:09.779676+00:00",
        "latest_version": "0.1.2",
        "name": "mdurl",
        "version": "0.1.2"
    },
    "mdx-truly-sane-lists": {
        "datetime": "2022-07-19T13:42:43.375061+00:00",
        "domain": "https://pypi.org/pypi/{name}/json",
        "latest_datetime": "2022-07-19T13:42:43.375061+00:00",
        "latest_version": "1.3",
        "name": "mdx-truly-sane-lists",
        "version": "1.3"
    },
    "mergedeep": {
        "datetime": "2021-02-05T18:55:29.583731+00:00",
        "domain": "https://pypi.org/pypi/{name}/json",
        "latest_datetime": "2021-02-05T18:55:29.583731+00:00",
        "latest_version": "1.3.4",
        "name": "mergedeep",
        "version": "1.3.4"
    },
    "mkdocs": {
        "datetime": "2022-11-01T18:32:16.869887+00:00",
        "domain": "https://pypi.org/pypi/{name}/json",
        "latest_datetime": "2022-11-01T18:32:16.869887+00:00",
        "latest_version": "1.4.2",
        "name": "mkdocs",
        "version": "1.4.2"
    },
    "mkdocs-autorefs": {
        "datetime": "2022-03-07T16:43:47.394684+00:00",
        "domain": "https://pypi.org/pypi/{name}/json",
        "latest_datetime": "2022-03-07T16:43:47.394684+00:00",
        "latest_version": "0.4.1",
        "name": "mkdocs-autorefs",
        "version": "0.4.1"
    },
    "mkdocs-build-plantuml-plugin": {
        "datetime": "2022-06-13T18:34:42.380890+00:00",
        "domain": "https://pypi.org/pypi/{name}/json",
        "latest_datetime": "2022-06-13T18:34:42.380890+00:00",
        "latest_version": "1.7.4",
        "name": "mkdocs-build-plantuml-plugin",
        "version": "1.7.4"
    },
    "mkdocs-gen-files": {
        "datetime": "2022-08-22T17:39:48.902428+00:00",
        "domain": "https://pypi.org/pypi/{name}/json",
        "latest_datetime": "2022-08-22T17:39:48.902428+00:00",
        "latest_version": "0.4.0",
        "name": "mkdocs-gen-files",
        "version": "0.4.0"
    },
    "mkdocs-git-revision-date-localized-plugin": {
        "datetime": "2022-07-02T11:14:43.680107+00:00",
        "domain": "https://pypi.org/pypi/{name}/json",
        "latest_datetime": "2022-07-02T11:14:43.680107+00:00",
        "latest_version": "1.1.0",
        "name": "mkdocs-git-revision-date-localized-plugin",
        "version": "1.1.0"
    },
    "mkdocs-include-markdown-plugin": {
        "datetime": "2022-12-18T01:08:47.705604+00:00",
        "domain": "https://pypi.org/pypi/{name}/json",
        "latest_datetime": "2022-12-18T01:08:47.705604+00:00",
        "latest_version": "4.0.3",
        "name": "mkdocs-include-markdown-plugin",
        "version": "4.0.3"
    },
    "mkdocs-literate-nav": {
        "datetime": "2023-01-06T13:47:54.586997+00:00",
        "domain": "https://pypi.org/pypi/{name}/json",
        "latest_datetime": "2023-01-06T13:47:54.586997+00:00",
        "latest_version": "0.6.0",
        "name": "mkdocs-literate-nav",
        "version": "0.6.0"
    },
    "mkdocs-material": {
        "datetime": "2023-02-18T11:35:26.829558+00:00",
        "domain": "https://pypi.org/pypi/{name}/json",
        "latest_datetime": "2023-02-18T11:35:26.829558+00:00",
        "latest_version": "9.0.13",
        "name": "mkdocs-material",
        "version": "9.0.13"
    },
    "mkdocs-material-extensions": {
        "datetime": "2022-11-22T05:31:01.586723+00:00",
        "domain": "https://pypi.org/pypi/{name}/json",
        "latest_datetime": "2022-11-22T05:31:01.586723+00:00",
        "latest_version": "1.1.1",
        "name": "mkdocs-material-extensions",
        "version": "1.1.1"
    },
    "mkdocs-section-index": {
        "datetime": "2023-01-29T19:22:38.431469+00:00",
        "domain": "https://pypi.org/pypi/{name}/json",
        "latest_datetime": "2023-01-29T19:22:38.431469+00:00",
        "latest_version": "0.3.5",
        "name": "mkdocs-section-index",
        "version": "0.3.5"
    },
    "mkdocstrings": {
        "datetime": "2023-01-19T22:57:23.039600+00:00",
        "domain": "https://pypi.org/pypi/{name}/json",
        "latest_datetime": "2023-01-19T22:57:23.039600+00:00",
        "latest_version": "0.20.0",
        "name": "mkdocstrings",
        "version": "0.20.0"
    },
    "mkdocstrings-python": {
        "datetime": "2023-01-04T21:33:42.357690+00:00",
        "domain": "https://pypi.org/pypi/{name}/json",
        "latest_datetime": "2023-01-04T21:33:42.357690+00:00",
        "latest_version": "0.8.3",
        "name": "mkdocstrings-python",
        "version": "0.8.3"
    },
    "mr-proper": {
        "datetime": "2021-10-27T13:06:01.852589+00:00",
        "domain": "https://pypi.org/pypi/{name}/json",
        "latest_datetime": "2021-10-27T13:06:01.852589+00:00",
        "latest_version": "0.0.7",
        "name": "mr-proper",
        "version": "0.0.7"
    },
    "mypy": {
        "datetime": "2023-02-17T15:55:04.244933+00:00",
        "domain": "https://pypi.org/pypi/{name}/json",
        "latest_datetime": "2023-02-17T15:55:04.244933+00:00",
        "latest_version": "1.0.1",
        "name": "mypy",
        "version": "1.0.1"
    },
    "mypy-extensions": {
        "datetime": "2023-02-04T12:11:25.002510+00:00",
        "domain": "https://pypi.org/pypi/{name}/json",
        "latest_datetime": "2023-02-04T12:11:25.002510+00:00",
        "latest_version": "1.0.0",
        "name": "mypy-extensions",
        "version": "1.0.0"
    },
    "nox": {
        "datetime": "2022-11-21T16:14:45.948661+00:00",
        "domain": "https://pypi.org/pypi/{name}/json",
        "latest_datetime": "2022-11-21T16:14:45.948661+00:00",
        "latest_version": "2022.11.21",
        "name": "nox",
        "version": "2022.11.21"
    },
    "nox-poetry": {
        "datetime": "2022-11-08T08:38:42.012140+00:00",
        "domain": "https://pypi.org/pypi/{name}/json",
        "latest_datetime": "2022-11-08T08:38:42.012140+00:00",
        "latest_version": "1.0.2",
        "name": "nox-poetry",
        "version": "1.0.2"
    },
    "numpy": {
        "datetime": "2023-02-05T19:45:29.320338+00:00",
        "domain": "https://pypi.org/pypi/{name}/json",
        "latest_datetime": "2023-02-05T19:45:29.320338+00:00",
        "latest_version": "1.24.2",
        "name": "numpy",
        "version": "1.24.2"
    },
    "packaging": {
        "datetime": "2023-01-08T18:18:53.118335+00:00",
        "domain": "https://pypi.org/pypi/{name}/json",
        "latest_datetime": "2023-01-08T18:18:53.118335+00:00",
        "latest_version": "23.0",
        "name": "packaging",
        "version": "23.0"
    },
    "pandas": {
        "datetime": "2023-01-19T08:29:07.301403+00:00",
        "domain": "https://pypi.org/pypi/{name}/json",
        "latest_datetime": "2023-01-19T08:29:07.301403+00:00",
        "latest_version": "1.5.3",
        "name": "pandas",
        "version": "1.5.3"
    },
    "pbr": {
        "datetime": "2023-01-11T10:04:55.819486+00:00",
        "domain": "https://pypi.org/pypi/{name}/json",
        "latest_datetime": "2023-01-11T10:04:55.819486+00:00",
        "latest_version": "5.11.1",
        "name": "pbr",
        "version": "5.11.1"
    },
    "peewee": {
        "datetime": "2022-11-11T14:33:14.070224+00:00",
        "domain": "https://pypi.org/pypi/{name}/json",
        "latest_datetime": "2022-11-11T14:33:14.070224+00:00",
        "latest_version": "3.15.4",
        "name": "peewee",
        "version": "3.15.4"
    },
    "pip": {
        "datetime": "2023-02-17T18:31:51.845190+00:00",
        "domain": "https://pypi.org/pypi/{name}/json",
        "latest_datetime": "2023-02-17T18:31:51.845190+00:00",
        "latest_version": "23.0.1",
        "name": "pip",
        "version": "23.0.1"
    },
    "pip-check": {
        "datetime": "2022-11-06T05:14:07.450137+00:00",
        "domain": "https://pypi.org/pypi/{name}/json",
        "latest_datetime": "2022-11-06T05:30:32.172747+00:00",
        "latest_version": "2.9a1",
        "name": "pip-check",
        "version": "2.8.1"
    },
    "pkgutil-resolve-name": {
        "datetime": "2021-07-21T08:19:03.106881+00:00",
        "domain": "https://pypi.org/pypi/{name}/json",
        "latest_datetime": "2021-07-21T08:19:03.106881+00:00",
        "latest_version": "1.3.10",
        "name": "pkgutil-resolve-name",
        "version": "1.3.10"
    },
    "platformdirs": {
        "datetime": "2023-02-06T21:32:28.228416+00:00",
        "domain": "https://pypi.org/pypi/{name}/json",
        "latest_datetime": "2023-02-06T21:32:28.228416+00:00",
        "latest_version": "3.0.0",
        "name": "platformdirs",
        "version": "3.0.0"
    },
    "pluggy": {
        "datetime": "2021-08-25T16:25:59.674784+00:00",
        "domain": "https://pypi.org/pypi/{name}/json",
        "latest_datetime": "2021-08-25T16:25:59.674784+00:00",
        "latest_version": "1.0.0",
        "name": "pluggy",
        "version": "1.0.0"
    },
    "prompt-toolkit": {
        "datetime": "2022-12-06T22:36:35.797842+00:00",
        "domain": "https://pypi.org/pypi/{name}/json",
        "latest_datetime": "2022-12-06T22:36:35.797842+00:00",
        "latest_version": "3.0.36",
        "name": "prompt-toolkit",
        "version": "3.0.36"
    },
    "pycodestyle": {
        "datetime": "2022-11-23T18:27:26.474295+00:00",
        "domain": "https://pypi.org/pypi/{name}/json",
        "latest_datetime": "2022-11-23T18:27:26.474295+00:00",
        "latest_version": "2.10.0",
        "name": "pycodestyle",
        "version": "2.10.0"
    },
    "pydantic": {
        "datetime": "2023-02-15T18:27:47.623855+00:00",
        "domain": "https://pypi.org/pypi/{name}/json",
        "latest_datetime": "2023-02-15T18:27:47.623855+00:00",
        "latest_version": "1.10.5",
        "name": "pydantic",
        "version": "1.10.5"
    },
    "pyflakes": {
        "datetime": "2022-11-24T16:53:41.131292+00:00",
        "domain": "https://pypi.org/pypi/{name}/json",
        "latest_datetime": "2022-11-24T16:53:41.131292+00:00",
        "latest_version": "3.0.1",
        "name": "pyflakes",
        "version": "3.0.1"
    },
    "pygments": {
        "datetime": "2023-01-01T08:52:51.439424+00:00",
        "domain": "https://pypi.org/pypi/{name}/json",
        "latest_datetime": "2023-01-01T08:52:51.439424+00:00",
        "latest_version": "2.14.0",
        "name": "pygments",
        "version": "2.14.0"
    },
    "pylint": {
        "datetime": "2023-02-13T16:36:47.035621+00:00",
        "domain": "https://pypi.org/pypi/{name}/json",
        "latest_datetime": "2023-02-13T16:36:47.035621+00:00",
        "latest_version": "2.16.2",
        "name": "pylint",
        "version": "2.16.2"
    },
    "pymdown-extensions": {
        "datetime": "2023-01-20T15:31:27.323921+00:00",
        "domain": "https://pypi.org/pypi/{name}/json",
        "latest_datetime": "2023-02-12T19:37:45.449794+00:00",
        "latest_version": "9.10a3",
        "name": "pymdown-extensions",
        "version": "9.9.2"
    },
    "pyparsing": {
        "datetime": "2022-05-10T23:26:03.201008+00:00",
        "domain": "https://pypi.org/pypi/{name}/json",
        "latest_datetime": "2022-05-10T23:26:03.201008+00:00",
        "latest_version": "3.0.9",
        "name": "pyparsing",
        "version": "3.0.9"
    },
    "pyrate-limiter": {
        "datetime": "2023-02-06T22:43:19.892907+00:00",
        "domain": "https://pypi.org/pypi/{name}/json",
        "latest_datetime": "2023-02-06T22:43:19.892907+00:00",
        "latest_version": "2.9.0",
        "name": "pyrate-limiter",
        "version": "2.9.0"
    },
    "pyrsistent": {
        "datetime": "2022-12-29T07:59:40.520633+00:00",
        "domain": "https://pypi.org/pypi/{name}/json",
        "latest_datetime": "2022-12-29T07:59:40.520633+00:00",
        "latest_version": "0.19.3",
        "name": "pyrsistent",
        "version": "0.19.3"
    },
    "pytest": {
        "datetime": "2023-01-14T12:17:32.206413+00:00",
        "domain": "https://pypi.org/pypi/{name}/json",
        "latest_datetime": "2023-01-14T12:17:32.206413+00:00",
        "latest_version": "7.2.1",
        "name": "pytest",
        "version": "7.2.1"
    },
    "pytest-cov": {
        "datetime": "2022-09-28T18:39:21.138279+00:00",
        "domain": "https://pypi.org/pypi/{name}/json",
        "latest_datetime": "2022-09-28T18:39:21.138279+00:00",
        "latest_version": "4.0.0",
        "name": "pytest-cov",
        "version": "4.0.0"
    },
    "pytest-randomly": {
        "datetime": "2022-05-11T17:35:06.578594+00:00",
        "domain": "https://pypi.org/pypi/{name}/json",
        "latest_datetime": "2022-05-11T17:35:06.578594+00:00",
        "latest_version": "3.12.0",
        "name": "pytest-randomly",
        "version": "3.12.0"
    },
    "pytest-watcher": {
        "datetime": "2022-12-11T17:06:41.550260+00:00",
        "domain": "https://pypi.org/pypi/{name}/json",
        "latest_datetime": "2022-12-11T17:06:41.550260+00:00",
        "latest_version": "0.2.6",
        "name": "pytest-watcher",
        "version": "0.2.6"
    },
    "python-box": {
        "datetime": "2023-02-04T03:53:41.088450+00:00",
        "domain": "https://pypi.org/pypi/{name}/json",
        "latest_datetime": "2023-02-04T03:53:41.088450+00:00",
        "latest_version": "7.0.0",
        "name": "python-box",
        "version": "7.0.0"
    },
    "python-dateutil": {
        "datetime": "2021-07-14T08:19:18.161589+00:00",
        "domain": "https://pypi.org/pypi/{name}/json",
        "latest_datetime": "2021-07-14T08:19:18.161589+00:00",
        "latest_version": "2.8.2",
        "name": "python-dateutil",
        "version": "2.8.2"
    },
    "python-lsp-jsonrpc": {
        "datetime": "2021-04-14T21:19:18.698784+00:00",
        "domain": "https://pypi.org/pypi/{name}/json",
        "latest_datetime": "2021-04-14T21:19:18.698784+00:00",
        "latest_version": "1.0.0",
        "name": "python-lsp-jsonrpc",
        "version": "1.0.0"
    },
    "pytz": {
        "datetime": "2023-01-14T12:25:02.823162+00:00",
        "domain": "https://pypi.org/pypi/{name}/json",
        "latest_datetime": "2023-01-14T12:25:02.823162+00:00",
        "latest_version": "2022.7.1",
        "name": "pytz",
        "version": "2022.7.1"
    },
    "pyyaml": {
        "datetime": "2021-10-13T19:39:42.916039+00:00",
        "domain": "https://pypi.org/pypi/{name}/json",
        "latest_datetime": "2021-10-13T19:39:42.916039+00:00",
        "latest_version": "6.0",
        "name": "pyyaml",
        "version": "6.0"
    },
    "pyyaml-env-tag": {
        "datetime": "2020-11-12T02:38:24.638742+00:00",
        "domain": "https://pypi.org/pypi/{name}/json",
        "latest_datetime": "2020-11-12T02:38:24.638742+00:00",
        "latest_version": "0.1",
        "name": "pyyaml-env-tag",
        "version": "0.1"
    },
    "questionary": {
        "datetime": "2021-07-15T10:11:00.246126+00:00",
        "domain": "https://pypi.org/pypi/{name}/json",
        "latest_datetime": "2021-07-15T10:11:00.246126+00:00",
        "latest_version": "1.10.0",
        "name": "questionary",
        "version": "1.10.0"
    },
    "regex": {
        "datetime": "2022-10-31T03:26:14.120443+00:00",
        "domain": "https://pypi.org/pypi/{name}/json",
        "latest_datetime": "2022-10-31T03:26:14.120443+00:00",
        "latest_version": "2022.10.31",
        "name": "regex",
        "version": "2022.10.31"
    },
    "requests": {
        "datetime": "2023-01-12T16:24:52.241259+00:00",
        "domain": "https://pypi.org/pypi/{name}/json",
        "latest_datetime": "2023-01-12T16:24:52.241259+00:00",
        "latest_version": "2.28.2",
        "name": "requests",
        "version": "2.28.2"
    },
    "rich": {
        "datetime": "2023-01-28T10:17:10.812163+00:00",
        "domain": "https://pypi.org/pypi/{name}/json",
        "latest_datetime": "2023-01-28T10:17:10.812163+00:00",
        "latest_version": "13.3.1",
        "name": "rich",
        "version": "13.3.1"
    },
    "ruamel-yaml": {
        "datetime": "2022-02-12T08:54:03.046398+00:00",
        "domain": "https://pypi.org/pypi/{name}/json",
        "latest_datetime": "2022-02-12T08:54:03.046398+00:00",
        "latest_version": "0.17.21",
        "name": "ruamel-yaml",
        "version": "0.17.21"
    },
    "ruamel-yaml-clib": {
        "datetime": "2022-10-20T13:09:34.031451+00:00",
        "domain": "https://pypi.org/pypi/{name}/json",
        "latest_datetime": "2022-10-20T13:09:34.031451+00:00",
        "latest_version": "0.2.7",
        "name": "ruamel-yaml-clib",
        "version": "0.2.7"
    },
    "ruff": {
        "datetime": "2023-02-19T17:43:03.175791+00:00",
        "domain": "https://pypi.org/pypi/{name}/json",
        "latest_datetime": "2023-02-19T17:43:03.175791+00:00",
        "latest_version": "0.0.248",
        "name": "ruff",
        "version": "0.0.248"
    },
    "semgrep": {
        "datetime": "2023-02-17T01:12:32.760436+00:00",
        "domain": "https://pypi.org/pypi/{name}/json",
        "latest_datetime": "2023-02-17T01:12:32.760436+00:00",
        "latest_version": "1.12.1",
        "name": "semgrep",
        "version": "1.12.1"
    },
    "setuptools": {
        "datetime": "2023-02-15T17:02:28.152356+00:00",
        "domain": "https://pypi.org/pypi/{name}/json",
        "latest_datetime": "2023-02-15T17:02:28.152356+00:00",
        "latest_version": "67.3.2",
        "name": "setuptools",
        "version": "67.3.2"
    },
    "shoal": {
        "datetime": "2023-02-19T14:15:52.764203+00:00",
        "domain": "https://pypi.org/pypi/{name}/json",
        "latest_datetime": "2023-02-19T14:15:52.764203+00:00",
        "latest_version": "0.5.1",
        "name": "shoal",
        "version": "0.5.1"
    },
    "six": {
        "datetime": "2021-05-05T14:18:17.237677+00:00",
        "domain": "https://pypi.org/pypi/{name}/json",
        "latest_datetime": "2021-05-05T14:18:17.237677+00:00",
        "latest_version": "1.16.0",
        "name": "six",
        "version": "1.16.0"
    },
    "smmap": {
        "datetime": "2021-10-15T13:19:45.436893+00:00",
        "domain": "https://pypi.org/pypi/{name}/json",
        "latest_datetime": "2021-10-15T13:19:45.436893+00:00",
        "latest_version": "5.0.0",
        "name": "smmap",
        "version": "5.0.0"
    },
    "sqlparse": {
        "datetime": "2022-09-23T18:41:20.351878+00:00",
        "domain": "https://pypi.org/pypi/{name}/json",
        "latest_datetime": "2022-09-23T18:41:20.351878+00:00",
        "latest_version": "0.4.3",
        "name": "sqlparse",
        "version": "0.4.3"
    },
    "stdlib-list": {
        "datetime": "2020-11-19T14:11:08.070691+00:00",
        "domain": "https://pypi.org/pypi/{name}/json",
        "latest_datetime": "2020-11-19T14:11:08.070691+00:00",
        "latest_version": "0.8.0",
        "name": "stdlib-list",
        "version": "0.8.0"
    },
    "stevedore": {
        "datetime": "2023-02-10T18:30:29.629243+00:00",
        "domain": "https://pypi.org/pypi/{name}/json",
        "latest_datetime": "2023-02-10T18:30:29.629243+00:00",
        "latest_version": "5.0.0",
        "name": "stevedore",
        "version": "5.0.0"
    },
    "tabulate": {
        "datetime": "2022-10-06T17:21:44.262497+00:00",
        "domain": "https://pypi.org/pypi/{name}/json",
        "latest_datetime": "2022-10-06T17:21:44.262497+00:00",
        "latest_version": "0.9.0",
        "name": "tabulate",
        "version": "0.9.0"
    },
    "termcolor": {
        "datetime": "2023-01-03T17:23:10.399827+00:00",
        "domain": "https://pypi.org/pypi/{name}/json",
        "latest_datetime": "2023-01-03T17:23:10.399827+00:00",
        "latest_version": "2.2.0",
        "name": "termcolor",
        "version": "2.2.0"
    },
    "terminaltables": {
        "datetime": "2021-12-07T19:03:34.013333+00:00",
        "domain": "https://pypi.org/pypi/{name}/json",
        "latest_datetime": "2021-12-07T19:03:34.013333+00:00",
        "latest_version": "3.1.10",
        "name": "terminaltables",
        "version": "3.1.10"
    },
    "tomli": {
        "datetime": "2022-02-08T10:54:02.017593+00:00",
        "domain": "https://pypi.org/pypi/{name}/json",
        "latest_datetime": "2022-02-08T10:54:02.017593+00:00",
        "latest_version": "2.0.1",
        "name": "tomli",
        "version": "2.0.1"
    },
    "tomlkit": {
        "datetime": "2022-10-27T08:21:16.507814+00:00",
        "domain": "https://pypi.org/pypi/{name}/json",
        "latest_datetime": "2022-10-27T08:21:16.507814+00:00",
        "latest_version": "0.11.6",
        "name": "tomlkit",
        "version": "0.11.6"
    },
    "tqdm": {
        "datetime": "2022-09-03T11:10:27.148080+00:00",
        "domain": "https://pypi.org/pypi/{name}/json",
        "latest_datetime": "2022-09-03T11:10:27.148080+00:00",
        "latest_version": "4.64.1",
        "name": "tqdm",
        "version": "4.64.1"
    },
    "transitions": {
        "datetime": "2022-09-02T09:48:52.135381+00:00",
        "domain": "https://pypi.org/pypi/{name}/json",
        "latest_datetime": "2022-09-02T09:48:52.135381+00:00",
        "latest_version": "0.9.0",
        "name": "transitions",
        "version": "0.9.0"
    },
    "types-docutils": {
        "datetime": "2023-02-15T12:34:21.883883+00:00",
        "domain": "https://pypi.org/pypi/{name}/json",
        "latest_datetime": "2023-02-15T12:34:21.883883+00:00",
        "latest_version": "0.19.1.4",
        "name": "types-docutils",
        "version": "0.19.1.4"
    },
    "types-pyyaml": {
        "datetime": "2023-02-13T12:33:14.332867+00:00",
        "domain": "https://pypi.org/pypi/{name}/json",
        "latest_datetime": "2023-02-13T12:33:14.332867+00:00",
        "latest_version": "6.0.12.6",
        "name": "types-pyyaml",
        "version": "6.0.12.6"
    },
    "types-requests": {
        "datetime": "2023-02-15T12:36:56.432781+00:00",
        "domain": "https://pypi.org/pypi/{name}/json",
        "latest_datetime": "2023-02-15T12:36:56.432781+00:00",
        "latest_version": "2.28.11.13",
        "name": "types-requests",
        "version": "2.28.11.13"
    },
    "types-setuptools": {
        "datetime": "2023-02-15T12:37:07.868241+00:00",
        "domain": "https://pypi.org/pypi/{name}/json",
        "latest_datetime": "2023-02-15T12:37:07.868241+00:00",
        "latest_version": "67.3.0.1",
        "name": "types-setuptools",
        "version": "67.3.0.1"
    },
    "types-urllib3": {
        "datetime": "2023-02-15T12:34:17.618566+00:00",
        "domain": "https://pypi.org/pypi/{name}/json",
        "latest_datetime": "2023-02-15T12:34:17.618566+00:00",
        "latest_version": "1.26.25.6",
        "name": "types-urllib3",
        "version": "1.26.25.6"
    },
    "typing-extensions": {
        "datetime": "2023-02-15T00:17:53.726117+00:00",
        "domain": "https://pypi.org/pypi/{name}/json",
        "latest_datetime": "2023-02-15T00:17:53.726117+00:00",
        "latest_version": "4.5.0",
        "name": "typing-extensions",
        "version": "4.5.0"
    },
    "ujson": {
        "datetime": "2023-01-06T20:07:14.734969+00:00",
        "domain": "https://pypi.org/pypi/{name}/json",
        "latest_datetime": "2023-01-06T20:07:14.734969+00:00",
        "latest_version": "5.7.0",
        "name": "ujson",
        "version": "5.7.0"
    },
    "urllib3": {
        "datetime": "2023-01-11T13:04:57.170894+00:00",
        "domain": "https://pypi.org/pypi/{name}/json",
        "latest_datetime": "2023-01-11T13:04:57.170894+00:00",
        "latest_version": "1.26.14",
        "name": "urllib3",
        "version": "1.26.14"
    },
    "virtualenv": {
        "datetime": "2023-02-07T20:16:53.438046+00:00",
        "domain": "https://pypi.org/pypi/{name}/json",
        "latest_datetime": "2023-02-07T20:16:53.438046+00:00",
        "latest_version": "20.19.0",
        "name": "virtualenv",
        "version": "20.19.0"
    },
    "watchdog": {
        "datetime": "2023-01-01T09:51:34.585805+00:00",
        "domain": "https://pypi.org/pypi/{name}/json",
        "latest_datetime": "2023-01-01T09:51:34.585805+00:00",
        "latest_version": "2.2.1",
        "name": "watchdog",
        "version": "2.2.1"
    },
    "wcmatch": {
        "datetime": "2022-09-19T23:14:55.460389+00:00",
        "domain": "https://pypi.org/pypi/{name}/json",
        "latest_datetime": "2022-09-19T23:14:55.460389+00:00",
        "latest_version": "8.4.1",
        "name": "wcmatch",
        "version": "8.4.1"
    },
    "wcwidth": {
        "datetime": "2023-01-16T15:09:15.814359+00:00",
        "domain": "https://pypi.org/pypi/{name}/json",
        "latest_datetime": "2023-01-16T15:09:15.814359+00:00",
        "latest_version": "0.2.6",
        "name": "wcwidth",
        "version": "0.2.6"
    },
    "wrapt": {
        "datetime": "2022-05-02T05:26:13.235405+00:00",
        "domain": "https://pypi.org/pypi/{name}/json",
        "latest_datetime": "2023-01-12T08:47:46.712013+00:00",
        "latest_version": "1.15.0rc1",
        "name": "wrapt",
        "version": "1.14.1"
    },
    "zipp": {
        "datetime": "2023-02-18T00:47:56.202058+00:00",
        "domain": "https://pypi.org/pypi/{name}/json",
        "latest_datetime": "2023-02-18T00:47:56.202058+00:00",
        "latest_version": "3.14.0",
        "name": "zipp",
        "version": "3.14.0"
    }
}
