{
    "annotated-types": {
        "datetime": "2024-05-20T21:33:24.100469+00:00",
        "domain": "https://pypi.org/pypi/{name}/json",
        "latest_datetime": "2024-05-20T21:33:24.100469+00:00",
        "latest_version": "0.7.0",
        "name": "annotated-types",
        "version": "0.7.0"
    },
    "anyio": {
        "datetime": "2024-05-26T22:02:13.671151+00:00",
        "domain": "https://pypi.org/pypi/{name}/json",
        "latest_datetime": "2024-05-26T22:02:13.671151+00:00",
        "latest_version": "4.4.0",
        "name": "anyio",
        "version": "4.4.0"
    },
    "argcomplete": {
        "datetime": "2024-04-14T21:26:49.850554+00:00",
        "domain": "https://pypi.org/pypi/{name}/json",
        "latest_datetime": "2024-06-16T07:07:05.039569+00:00",
        "latest_version": "3.4.0",
        "name": "argcomplete",
        "version": "3.3.0"
    },
    "arrow": {
        "datetime": "2023-09-30T22:11:16.072329+00:00",
        "domain": "https://pypi.org/pypi/{name}/json",
        "latest_datetime": "2023-09-30T22:11:16.072329+00:00",
        "latest_version": "1.3.0",
        "name": "arrow",
        "version": "1.3.0"
    },
    "astroid": {
        "datetime": "2024-05-19T22:25:42.513629+00:00",
        "domain": "https://pypi.org/pypi/{name}/json",
        "latest_datetime": "2024-05-19T22:25:42.513629+00:00",
        "latest_version": "3.2.2",
        "name": "astroid",
        "version": "3.2.2"
    },
    "attrs": {
        "datetime": "2023-12-31T06:30:30.772444+00:00",
        "domain": "https://pypi.org/pypi/{name}/json",
        "latest_datetime": "2023-12-31T06:30:30.772444+00:00",
        "latest_version": "23.2.0",
        "name": "attrs",
        "version": "23.2.0"
    },
    "babel": {
        "datetime": "2024-05-05T13:54:41.446295+00:00",
        "domain": "https://pypi.org/pypi/{name}/json",
        "latest_datetime": "2024-05-05T13:54:41.446295+00:00",
        "latest_version": "2.15.0",
        "name": "babel",
        "version": "2.15.0"
    },
    "beartype": {
        "datetime": "2024-04-21T07:25:55.758384+00:00",
        "domain": "https://pypi.org/pypi/{name}/json",
        "latest_datetime": "2024-04-21T07:25:55.758384+00:00",
        "latest_version": "0.18.5",
        "name": "beartype",
        "version": "0.18.5"
    },
    "black": {
        "datetime": "2024-04-26T00:40:28.969005+00:00",
        "domain": "https://pypi.org/pypi/{name}/json",
        "latest_datetime": "2024-04-26T00:40:28.969005+00:00",
        "latest_version": "24.4.2",
        "name": "black",
        "version": "24.4.2"
    },
    "certifi": {
        "datetime": "2024-07-04T01:36:09.038930+00:00",
        "domain": "https://pypi.org/pypi/{name}/json",
        "latest_datetime": "2024-07-04T01:36:09.038930+00:00",
        "latest_version": "2024.7.4",
        "name": "certifi",
        "version": "2024.7.4"
    },
    "charset-normalizer": {
        "datetime": "2023-11-01T04:02:29.048015+00:00",
        "domain": "https://pypi.org/pypi/{name}/json",
        "latest_datetime": "2023-11-01T04:02:29.048015+00:00",
        "latest_version": "3.3.2",
        "name": "charset-normalizer",
        "version": "3.3.2"
    },
    "click": {
        "datetime": "2023-08-17T17:29:10.080169+00:00",
        "domain": "https://pypi.org/pypi/{name}/json",
        "latest_datetime": "2023-08-17T17:29:10.080169+00:00",
        "latest_version": "8.1.7",
        "name": "click",
        "version": "8.1.7"
    },
    "colorama": {
        "datetime": "2022-10-25T02:36:20.889702+00:00",
        "domain": "https://pypi.org/pypi/{name}/json",
        "latest_datetime": "2022-10-25T02:36:20.889702+00:00",
        "latest_version": "0.4.6",
        "name": "colorama",
        "version": "0.4.6"
    },
    "colorlog": {
        "datetime": "2024-01-26T13:59:27.064648+00:00",
        "domain": "https://pypi.org/pypi/{name}/json",
        "latest_datetime": "2024-01-26T13:59:27.064648+00:00",
        "latest_version": "6.8.2",
        "name": "colorlog",
        "version": "6.8.2"
    },
    "commitizen": {
        "datetime": "2024-05-22T03:06:43.747664+00:00",
        "domain": "https://pypi.org/pypi/{name}/json",
        "latest_datetime": "2024-05-22T03:06:43.747664+00:00",
        "latest_version": "3.27.0",
        "name": "commitizen",
        "version": "3.27.0"
    },
    "corallium": {
        "datetime": "2024-06-07T11:56:42.609084+00:00",
        "domain": "https://pypi.org/pypi/{name}/json",
        "latest_datetime": "2024-06-07T11:56:42.609084+00:00",
        "latest_version": "2.0.0",
        "name": "corallium",
        "version": "2.0.0"
    },
    "coverage": {
        "datetime": "2024-06-22T21:49:15.608651+00:00",
        "domain": "https://pypi.org/pypi/{name}/json",
        "latest_datetime": "2024-06-22T21:49:15.608651+00:00",
        "latest_version": "7.5.4",
        "name": "coverage",
        "version": "7.5.4"
    },
    "decli": {
        "datetime": "2024-04-28T17:41:04.663329+00:00",
        "domain": "https://pypi.org/pypi/{name}/json",
        "latest_datetime": "2024-04-28T17:41:04.663329+00:00",
        "latest_version": "0.6.2",
        "name": "decli",
        "version": "0.6.2"
    },
    "dill": {
        "datetime": "2024-01-27T23:42:14.239489+00:00",
        "domain": "https://pypi.org/pypi/{name}/json",
        "latest_datetime": "2024-01-27T23:42:14.239489+00:00",
        "latest_version": "0.3.8",
        "name": "dill",
        "version": "0.3.8"
    },
    "distlib": {
        "datetime": "2023-12-12T07:13:59.966727+00:00",
        "domain": "https://pypi.org/pypi/{name}/json",
        "latest_datetime": "2023-12-12T07:13:59.966727+00:00",
        "latest_version": "0.3.8",
        "name": "distlib",
        "version": "0.3.8"
    },
    "exceptiongroup": {
        "datetime": "2024-04-18T21:19:11.799138+00:00",
        "domain": "https://pypi.org/pypi/{name}/json",
        "latest_datetime": "2024-04-18T21:19:11.799138+00:00",
        "latest_version": "1.2.1",
        "name": "exceptiongroup",
        "version": "1.2.1"
    },
    "filelock": {
        "datetime": "2024-06-22T15:59:12.695773+00:00",
        "domain": "https://pypi.org/pypi/{name}/json",
        "latest_datetime": "2024-06-22T15:59:12.695773+00:00",
        "latest_version": "3.15.4",
        "name": "filelock",
        "version": "3.15.4"
    },
    "ghp-import": {
        "datetime": "2022-05-02T15:47:14.552377+00:00",
        "domain": "https://pypi.org/pypi/{name}/json",
        "latest_datetime": "2022-05-02T15:47:14.552377+00:00",
        "latest_version": "2.1.0",
        "name": "ghp-import",
        "version": "2.1.0"
    },
    "griffe": {
        "datetime": "2024-06-18T11:14:32.658014+00:00",
        "domain": "https://pypi.org/pypi/{name}/json",
        "latest_datetime": "2024-06-18T11:14:32.658014+00:00",
        "latest_version": "0.47.0",
        "name": "griffe",
        "version": "0.47.0"
    },
    "h11": {
        "datetime": "2022-09-25T15:39:59.680277+00:00",
        "domain": "https://pypi.org/pypi/{name}/json",
        "latest_datetime": "2022-09-25T15:39:59.680277+00:00",
        "latest_version": "0.14.0",
        "name": "h11",
        "version": "0.14.0"
    },
    "httpcore": {
        "datetime": "2024-03-27T18:29:04.098086+00:00",
        "domain": "https://pypi.org/pypi/{name}/json",
        "latest_datetime": "2024-03-27T18:29:04.098086+00:00",
        "latest_version": "1.0.5",
        "name": "httpcore",
        "version": "1.0.5"
    },
    "httpx": {
        "datetime": "2024-02-21T13:07:50.455078+00:00",
        "domain": "https://pypi.org/pypi/{name}/json",
        "latest_datetime": "2024-02-21T13:07:50.455078+00:00",
        "latest_version": "0.27.0",
        "name": "httpx",
        "version": "0.27.0"
    },
    "hypothesis": {
        "datetime": "2024-07-04T22:03:04.618727+00:00",
        "domain": "https://pypi.org/pypi/{name}/json",
        "latest_datetime": "2024-07-04T22:03:04.618727+00:00",
        "latest_version": "6.105.0",
        "name": "hypothesis",
        "version": "6.105.0"
    },
    "idna": {
        "datetime": "2024-04-11T03:34:41.447563+00:00",
        "domain": "https://pypi.org/pypi/{name}/json",
        "latest_datetime": "2024-04-11T03:34:41.447563+00:00",
        "latest_version": "3.7",
        "name": "idna",
        "version": "3.7"
    },
    "importlib-metadata": {
        "datetime": "2024-06-23T15:17:52.117950+00:00",
        "domain": "https://pypi.org/pypi/{name}/json",
        "latest_datetime": "2024-06-25T18:38:02.324079+00:00",
        "latest_version": "8.0.0",
        "name": "importlib-metadata",
        "version": "7.2.1"
    },
    "iniconfig": {
        "datetime": "2023-01-07T11:08:09.864484+00:00",
        "domain": "https://pypi.org/pypi/{name}/json",
        "latest_datetime": "2023-01-07T11:08:09.864484+00:00",
        "latest_version": "2.0.0",
        "name": "iniconfig",
        "version": "2.0.0"
    },
    "invoke": {
        "datetime": "2023-07-12T18:05:16.294786+00:00",
        "domain": "https://pypi.org/pypi/{name}/json",
        "latest_datetime": "2023-07-12T18:05:16.294786+00:00",
        "latest_version": "2.2.0",
        "name": "invoke",
        "version": "2.2.0"
    },
    "isort": {
        "datetime": "2023-12-13T20:37:23.244120+00:00",
        "domain": "https://pypi.org/pypi/{name}/json",
        "latest_datetime": "2023-12-13T20:37:23.244120+00:00",
        "latest_version": "5.13.2",
        "name": "isort",
        "version": "5.13.2"
    },
    "jinja2": {
        "datetime": "2024-05-05T23:41:59.928923+00:00",
        "domain": "https://pypi.org/pypi/{name}/json",
        "latest_datetime": "2024-05-05T23:41:59.928923+00:00",
        "latest_version": "3.1.4",
        "name": "jinja2",
        "version": "3.1.4"
    },
    "markdown": {
        "datetime": "2024-03-14T15:37:57.457468+00:00",
        "domain": "https://pypi.org/pypi/{name}/json",
        "latest_datetime": "2024-03-14T15:37:57.457468+00:00",
        "latest_version": "3.6",
        "name": "markdown",
        "version": "3.6"
    },
    "markdown-it-py": {
        "datetime": "2023-06-03T06:41:11.019475+00:00",
        "domain": "https://pypi.org/pypi/{name}/json",
        "latest_datetime": "2023-06-03T06:41:11.019475+00:00",
        "latest_version": "3.0.0",
        "name": "markdown-it-py",
        "version": "3.0.0"
    },
    "markupsafe": {
        "datetime": "2024-02-02T16:30:04.105634+00:00",
        "domain": "https://pypi.org/pypi/{name}/json",
        "latest_datetime": "2024-02-02T16:30:04.105634+00:00",
        "latest_version": "2.1.5",
        "name": "markupsafe",
        "version": "2.1.5"
    },
    "mccabe": {
        "datetime": "2022-01-24T01:14:49.620723+00:00",
        "domain": "https://pypi.org/pypi/{name}/json",
        "latest_datetime": "2022-01-24T01:14:49.620723+00:00",
        "latest_version": "0.7.0",
        "name": "mccabe",
        "version": "0.7.0"
    },
    "mdurl": {
        "datetime": "2022-08-14T12:40:09.779676+00:00",
        "domain": "https://pypi.org/pypi/{name}/json",
        "latest_datetime": "2022-08-14T12:40:09.779676+00:00",
        "latest_version": "0.1.2",
        "name": "mdurl",
        "version": "0.1.2"
    },
    "mergedeep": {
        "datetime": "2021-02-05T18:55:29.583731+00:00",
        "domain": "https://pypi.org/pypi/{name}/json",
        "latest_datetime": "2021-02-05T18:55:29.583731+00:00",
        "latest_version": "1.3.4",
        "name": "mergedeep",
        "version": "1.3.4"
    },
    "mkdocs": {
        "datetime": "2024-04-20T17:55:42.126694+00:00",
        "domain": "https://pypi.org/pypi/{name}/json",
        "latest_datetime": "2024-04-20T17:55:42.126694+00:00",
        "latest_version": "1.6.0",
        "name": "mkdocs",
        "version": "1.6.0"
    },
    "mkdocs-autorefs": {
        "datetime": "2024-02-29T15:51:52.989901+00:00",
        "domain": "https://pypi.org/pypi/{name}/json",
        "latest_datetime": "2024-02-29T15:51:52.989901+00:00",
        "latest_version": "1.0.1",
        "name": "mkdocs-autorefs",
        "version": "1.0.1"
    },
    "mkdocs-gen-files": {
        "datetime": "2023-04-27T19:48:07.059869+00:00",
        "domain": "https://pypi.org/pypi/{name}/json",
        "latest_datetime": "2023-04-27T19:48:07.059869+00:00",
        "latest_version": "0.5.0",
        "name": "mkdocs-gen-files",
        "version": "0.5.0"
    },
    "mkdocs-get-deps": {
        "datetime": "2023-11-20T17:51:08.587799+00:00",
        "domain": "https://pypi.org/pypi/{name}/json",
        "latest_datetime": "2023-11-20T17:51:08.587799+00:00",
        "latest_version": "0.2.0",
        "name": "mkdocs-get-deps",
        "version": "0.2.0"
    },
    "mkdocs-material": {
        "datetime": "2024-07-02T11:05:27.583627+00:00",
        "domain": "https://pypi.org/pypi/{name}/json",
        "latest_datetime": "2024-07-02T11:05:27.583627+00:00",
        "latest_version": "9.5.28",
        "name": "mkdocs-material",
        "version": "9.5.28"
    },
    "mkdocs-material-extensions": {
        "datetime": "2023-11-22T19:09:43.465661+00:00",
        "domain": "https://pypi.org/pypi/{name}/json",
        "latest_datetime": "2023-11-22T19:09:43.465661+00:00",
        "latest_version": "1.3.1",
        "name": "mkdocs-material-extensions",
        "version": "1.3.1"
    },
    "mkdocstrings": {
        "datetime": "2024-05-05T14:09:22.819543+00:00",
        "domain": "https://pypi.org/pypi/{name}/json",
        "latest_datetime": "2024-05-05T14:09:22.819543+00:00",
        "latest_version": "0.25.1",
        "name": "mkdocstrings",
        "version": "0.25.1"
    },
    "mkdocstrings-python": {
        "datetime": "2024-06-19T15:00:16.797160+00:00",
        "domain": "https://pypi.org/pypi/{name}/json",
        "latest_datetime": "2024-06-19T15:00:16.797160+00:00",
        "latest_version": "1.10.5",
        "name": "mkdocstrings-python",
        "version": "1.10.5"
    },
    "multidict": {
        "datetime": "2024-02-01T20:43:20.237744+00:00",
        "domain": "https://pypi.org/pypi/{name}/json",
        "latest_datetime": "2024-02-01T20:43:20.237744+00:00",
        "latest_version": "6.0.5",
        "name": "multidict",
        "version": "6.0.5"
    },
    "mypy": {
        "datetime": "2024-06-25T00:12:05.229009+00:00",
        "domain": "https://pypi.org/pypi/{name}/json",
        "latest_datetime": "2024-06-25T00:12:05.229009+00:00",
        "latest_version": "1.10.1",
        "name": "mypy",
        "version": "1.10.1"
    },
    "mypy-extensions": {
        "datetime": "2023-02-04T12:11:25.002510+00:00",
        "domain": "https://pypi.org/pypi/{name}/json",
        "latest_datetime": "2023-02-04T12:11:25.002510+00:00",
        "latest_version": "1.0.0",
        "name": "mypy-extensions",
        "version": "1.0.0"
    },
    "nox": {
        "datetime": "2024-04-15T14:05:14.773227+00:00",
        "domain": "https://pypi.org/pypi/{name}/json",
        "latest_datetime": "2024-04-15T14:05:14.773227+00:00",
        "latest_version": "2024.4.15",
        "name": "nox",
        "version": "2024.4.15"
    },
    "nox-poetry": {
        "datetime": "2023-07-08T23:15:17.940770+00:00",
        "domain": "https://pypi.org/pypi/{name}/json",
        "latest_datetime": "2023-07-08T23:15:17.940770+00:00",
        "latest_version": "1.0.3",
        "name": "nox-poetry",
        "version": "1.0.3"
    },
    "packaging": {
        "datetime": "2024-06-09T23:19:21.909058+00:00",
        "domain": "https://pypi.org/pypi/{name}/json",
        "latest_datetime": "2024-06-09T23:19:21.909058+00:00",
        "latest_version": "24.1",
        "name": "packaging",
        "version": "24.1"
    },
    "paginate": {
        "datetime": "2016-11-22T12:54:04.503904+00:00",
        "domain": "https://pypi.org/pypi/{name}/json",
        "latest_datetime": "2016-11-22T12:54:04.503904+00:00",
        "latest_version": "0.5.6",
        "name": "paginate",
        "version": "0.5.6"
    },
    "pathspec": {
        "datetime": "2023-12-10T22:30:43.140207+00:00",
        "domain": "https://pypi.org/pypi/{name}/json",
        "latest_datetime": "2023-12-10T22:30:43.140207+00:00",
        "latest_version": "0.12.1",
        "name": "pathspec",
        "version": "0.12.1"
    },
    "platformdirs": {
        "datetime": "2024-05-15T03:18:21.209020+00:00",
        "domain": "https://pypi.org/pypi/{name}/json",
        "latest_datetime": "2024-05-15T03:18:21.209020+00:00",
        "latest_version": "4.2.2",
        "name": "platformdirs",
        "version": "4.2.2"
    },
    "pluggy": {
        "datetime": "2024-04-20T21:34:40.434532+00:00",
        "domain": "https://pypi.org/pypi/{name}/json",
        "latest_datetime": "2024-04-20T21:34:40.434532+00:00",
        "latest_version": "1.5.0",
        "name": "pluggy",
        "version": "1.5.0"
    },
    "prompt-toolkit": {
        "datetime": "2022-12-06T22:36:35.797842+00:00",
        "domain": "https://pypi.org/pypi/{name}/json",
        "latest_datetime": "2023-07-04T11:13:29.002771+00:00",
        "latest_version": "3.0.39",
        "name": "prompt-toolkit",
        "version": "3.0.36"
    },
    "pydantic": {
        "datetime": "2024-07-04T02:59:45.330287+00:00",
        "domain": "https://pypi.org/pypi/{name}/json",
        "latest_datetime": "2024-07-04T02:59:45.330287+00:00",
        "latest_version": "2.8.2",
        "name": "pydantic",
        "version": "2.8.2"
    },
    "pydantic-core": {
        "datetime": "2024-07-03T17:00:00.937672+00:00",
        "domain": "https://pypi.org/pypi/{name}/json",
        "latest_datetime": "2024-07-03T17:00:00.937672+00:00",
        "latest_version": "2.20.1",
        "name": "pydantic-core",
        "version": "2.20.1"
    },
    "pygments": {
        "datetime": "2024-05-04T13:41:57.345734+00:00",
        "domain": "https://pypi.org/pypi/{name}/json",
        "latest_datetime": "2024-05-04T13:41:57.345734+00:00",
        "latest_version": "2.18.0",
        "name": "pygments",
        "version": "2.18.0"
    },
    "pylint": {
        "datetime": "2024-06-28T13:10:23.526333+00:00",
        "domain": "https://pypi.org/pypi/{name}/json",
        "latest_datetime": "2024-06-28T13:10:23.526333+00:00",
        "latest_version": "3.2.5",
        "name": "pylint",
        "version": "3.2.5"
    },
    "pymdown-extensions": {
        "datetime": "2024-04-27T20:20:31.208741+00:00",
        "domain": "https://pypi.org/pypi/{name}/json",
        "latest_datetime": "2024-04-27T20:20:31.208741+00:00",
        "latest_version": "10.8.1",
        "name": "pymdown-extensions",
        "version": "10.8.1"
    },
    "pytest": {
        "datetime": "2024-06-04T13:38:05.285139+00:00",
        "domain": "https://pypi.org/pypi/{name}/json",
        "latest_datetime": "2024-06-04T13:38:05.285139+00:00",
        "latest_version": "8.2.2",
        "name": "pytest",
        "version": "8.2.2"
    },
    "pytest-asyncio": {
        "datetime": "2024-05-19T11:56:06.431353+00:00",
        "domain": "https://pypi.org/pypi/{name}/json",
        "latest_datetime": "2024-05-19T11:56:06.431353+00:00",
        "latest_version": "0.23.7",
        "name": "pytest-asyncio",
        "version": "0.23.7"
    },
    "pytest-cov": {
        "datetime": "2024-03-24T20:16:32.444444+00:00",
        "domain": "https://pypi.org/pypi/{name}/json",
        "latest_datetime": "2024-03-24T20:16:32.444444+00:00",
        "latest_version": "5.0.0",
        "name": "pytest-cov",
        "version": "5.0.0"
    },
    "pytest-randomly": {
        "datetime": "2023-08-15T18:04:57.913911+00:00",
        "domain": "https://pypi.org/pypi/{name}/json",
        "latest_datetime": "2023-08-15T18:04:57.913911+00:00",
        "latest_version": "3.15.0",
        "name": "pytest-randomly",
        "version": "3.15.0"
    },
    "pytest-recording": {
        "datetime": "2023-12-06T23:33:32.694195+00:00",
        "domain": "https://pypi.org/pypi/{name}/json",
        "latest_datetime": "2023-12-06T23:33:32.694195+00:00",
        "latest_version": "0.13.1",
        "name": "pytest-recording",
        "version": "0.13.1"
    },
    "pytest-subprocess": {
        "datetime": "2023-01-28T10:18:40.487837+00:00",
        "domain": "https://pypi.org/pypi/{name}/json",
        "latest_datetime": "2023-01-28T10:18:40.487837+00:00",
        "latest_version": "1.5.0",
        "name": "pytest-subprocess",
        "version": "1.5.0"
    },
    "pytest-watcher": {
        "datetime": "2024-04-01T17:45:04.353121+00:00",
        "domain": "https://pypi.org/pypi/{name}/json",
        "latest_datetime": "2024-04-01T17:45:04.353121+00:00",
        "latest_version": "0.4.2",
        "name": "pytest-watcher",
        "version": "0.4.2"
    },
    "python-box": {
        "datetime": "2024-06-12T20:08:45.882925+00:00",
        "domain": "https://pypi.org/pypi/{name}/json",
        "latest_datetime": "2024-06-12T20:08:45.882925+00:00",
        "latest_version": "7.2.0",
        "name": "python-box",
        "version": "7.2.0"
    },
    "python-dateutil": {
        "datetime": "2024-03-01T18:36:18.570437+00:00",
        "domain": "https://pypi.org/pypi/{name}/json",
        "latest_datetime": "2024-03-01T18:36:18.570437+00:00",
        "latest_version": "2.9.0.post0",
        "name": "python-dateutil",
        "version": "2.9.0.post0"
    },
    "pyyaml": {
        "datetime": "2023-07-17T23:57:04.325444+00:00",
        "domain": "https://pypi.org/pypi/{name}/json",
        "latest_datetime": "2023-07-17T23:57:04.325444+00:00",
        "latest_version": "6.0.1",
        "name": "pyyaml",
        "version": "6.0.1"
    },
    "pyyaml-env-tag": {
        "datetime": "2020-11-12T02:38:24.638742+00:00",
        "domain": "https://pypi.org/pypi/{name}/json",
        "latest_datetime": "2020-11-12T02:38:24.638742+00:00",
        "latest_version": "0.1",
        "name": "pyyaml-env-tag",
        "version": "0.1"
    },
    "questionary": {
        "datetime": "2023-09-08T12:19:01.612201+00:00",
        "domain": "https://pypi.org/pypi/{name}/json",
        "latest_datetime": "2023-09-08T12:19:01.612201+00:00",
        "latest_version": "2.0.1",
        "name": "questionary",
        "version": "2.0.1"
    },
    "regex": {
        "datetime": "2024-05-15T16:12:43.751677+00:00",
        "domain": "https://pypi.org/pypi/{name}/json",
        "latest_datetime": "2024-05-15T16:12:43.751677+00:00",
        "latest_version": "2024.5.15",
        "name": "regex",
        "version": "2024.5.15"
    },
    "requests": {
        "datetime": "2024-05-29T15:37:47.027275+00:00",
        "domain": "https://pypi.org/pypi/{name}/json",
        "latest_datetime": "2024-05-29T15:37:47.027275+00:00",
        "latest_version": "2.32.3",
        "name": "requests",
        "version": "2.32.3"
    },
    "rich": {
        "datetime": "2024-02-28T14:51:14.353506+00:00",
        "domain": "https://pypi.org/pypi/{name}/json",
        "latest_datetime": "2024-02-28T14:51:14.353506+00:00",
        "latest_version": "13.7.1",
        "name": "rich",
        "version": "13.7.1"
    },
    "ruff": {
        "datetime": "2024-06-27T15:40:40.824514+00:00",
        "domain": "https://pypi.org/pypi/{name}/json",
        "latest_datetime": "2024-06-27T15:40:40.824514+00:00",
        "latest_version": "0.5.0",
        "name": "ruff",
        "version": "0.5.0"
    },
    "semver": {
        "datetime": "2023-10-09T11:58:24.128452+00:00",
        "domain": "https://pypi.org/pypi/{name}/json",
        "latest_datetime": "2023-10-09T11:58:24.128452+00:00",
        "latest_version": "3.0.2",
        "name": "semver",
        "version": "3.0.2"
    },
    "six": {
        "datetime": "2021-05-05T14:18:17.237677+00:00",
        "domain": "https://pypi.org/pypi/{name}/json",
        "latest_datetime": "2021-05-05T14:18:17.237677+00:00",
        "latest_version": "1.16.0",
        "name": "six",
        "version": "1.16.0"
    },
    "sniffio": {
        "datetime": "2024-02-25T23:20:01.196159+00:00",
        "domain": "https://pypi.org/pypi/{name}/json",
        "latest_datetime": "2024-02-25T23:20:01.196159+00:00",
        "latest_version": "1.3.1",
        "name": "sniffio",
        "version": "1.3.1"
    },
    "sortedcontainers": {
        "datetime": "2021-05-16T22:03:41.177807+00:00",
        "domain": "https://pypi.org/pypi/{name}/json",
        "latest_datetime": "2021-05-16T22:03:41.177807+00:00",
        "latest_version": "2.4.0",
        "name": "sortedcontainers",
        "version": "2.4.0"
    },
    "syrupy": {
        "datetime": "2024-02-07T05:58:03.481215+00:00",
        "domain": "https://pypi.org/pypi/{name}/json",
        "latest_datetime": "2024-02-07T05:58:03.481215+00:00",
        "latest_version": "4.6.1",
        "name": "syrupy",
        "version": "4.6.1"
    },
    "termcolor": {
        "datetime": "2023-12-01T11:04:50.019609+00:00",
        "domain": "https://pypi.org/pypi/{name}/json",
        "latest_datetime": "2023-12-01T11:04:50.019609+00:00",
        "latest_version": "2.4.0",
        "name": "termcolor",
        "version": "2.4.0"
    },
    "tomli": {
        "datetime": "2022-02-08T10:54:02.017593+00:00",
        "domain": "https://pypi.org/pypi/{name}/json",
        "latest_datetime": "2022-02-08T10:54:02.017593+00:00",
        "latest_version": "2.0.1",
        "name": "tomli",
        "version": "2.0.1"
    },
    "tomlkit": {
        "datetime": "2024-05-08T13:50:17.343316+00:00",
        "domain": "https://pypi.org/pypi/{name}/json",
        "latest_datetime": "2024-05-08T13:50:17.343316+00:00",
        "latest_version": "0.12.5",
        "name": "tomlkit",
        "version": "0.12.5"
    },
    "types-python-dateutil": {
        "datetime": "2024-03-16T02:12:35.307255+00:00",
        "domain": "https://pypi.org/pypi/{name}/json",
        "latest_datetime": "2024-03-16T02:12:35.307255+00:00",
        "latest_version": "2.9.0.20240316",
        "name": "types-python-dateutil",
        "version": "2.9.0.20240316"
    },
    "types-pyyaml": {
        "datetime": "2024-03-11T02:15:45.451944+00:00",
        "domain": "https://pypi.org/pypi/{name}/json",
        "latest_datetime": "2024-03-11T02:15:45.451944+00:00",
        "latest_version": "6.0.12.20240311",
        "name": "types-pyyaml",
        "version": "6.0.12.20240311"
    },
    "types-setuptools": {
        "datetime": "2024-07-04T02:27:15.153096+00:00",
        "domain": "https://pypi.org/pypi/{name}/json",
        "latest_datetime": "2024-07-04T02:27:15.153096+00:00",
        "latest_version": "70.2.0.20240704",
        "name": "types-setuptools",
        "version": "70.2.0.20240704"
    },
    "typing-extensions": {
        "datetime": "2024-06-07T18:52:13.582461+00:00",
        "domain": "https://pypi.org/pypi/{name}/json",
        "latest_datetime": "2024-06-07T18:52:13.582461+00:00",
        "latest_version": "4.12.2",
        "name": "typing-extensions",
        "version": "4.12.2"
    },
    "urllib3": {
        "datetime": "2024-06-17T13:40:07.795777+00:00",
        "domain": "https://pypi.org/pypi/{name}/json",
        "latest_datetime": "2024-06-17T14:53:31.589461+00:00",
        "latest_version": "1.26.19",
        "name": "urllib3",
        "version": "2.2.2"
    },
    "vcrpy": {
        "datetime": "2024-01-25T16:17:46.838399+00:00",
        "domain": "https://pypi.org/pypi/{name}/json",
        "latest_datetime": "2024-01-25T16:17:46.838399+00:00",
        "latest_version": "6.0.1",
        "name": "vcrpy",
        "version": "6.0.1"
    },
    "virtualenv": {
        "datetime": "2024-06-22T01:57:43.997420+00:00",
        "domain": "https://pypi.org/pypi/{name}/json",
        "latest_datetime": "2024-06-22T01:57:43.997420+00:00",
        "latest_version": "20.26.3",
        "name": "virtualenv",
        "version": "20.26.3"
    },
    "watchdog": {
        "datetime": "2024-05-23T16:11:28.733194+00:00",
        "domain": "https://pypi.org/pypi/{name}/json",
        "latest_datetime": "2024-05-23T16:11:28.733194+00:00",
        "latest_version": "4.0.1",
        "name": "watchdog",
        "version": "4.0.1"
    },
    "wcwidth": {
        "datetime": "2024-01-06T02:10:55.763669+00:00",
        "domain": "https://pypi.org/pypi/{name}/json",
        "latest_datetime": "2024-01-06T02:10:55.763669+00:00",
        "latest_version": "0.2.13",
        "name": "wcwidth",
        "version": "0.2.13"
    },
    "wrapt": {
        "datetime": "2023-11-09T06:31:34.487396+00:00",
        "domain": "https://pypi.org/pypi/{name}/json",
        "latest_datetime": "2023-11-09T06:31:34.487396+00:00",
        "latest_version": "1.16.0",
        "name": "wrapt",
        "version": "1.16.0"
    },
    "yarl": {
        "datetime": "2023-12-06T12:49:47.429549+00:00",
        "domain": "https://pypi.org/pypi/{name}/json",
        "latest_datetime": "2023-12-06T12:49:47.429549+00:00",
        "latest_version": "1.9.4",
        "name": "yarl",
        "version": "1.9.4"
    },
    "zipp": {
        "datetime": "2024-06-04T17:21:07.146405+00:00",
        "domain": "https://pypi.org/pypi/{name}/json",
        "latest_datetime": "2024-06-04T17:21:07.146405+00:00",
        "latest_version": "3.19.2",
        "name": "zipp",
        "version": "3.19.2"
    }
}
