{
    "annotated-types": {
        "datetime": "2023-10-06T18:53:18.027190+00:00",
        "domain": "https://pypi.org/pypi/{name}/json",
        "latest_datetime": "2023-10-06T18:53:18.027190+00:00",
        "latest_version": "0.6.0",
        "name": "annotated-types",
        "version": "0.6.0"
    },
    "anyio": {
        "datetime": "2023-12-16T17:06:55.989438+00:00",
        "domain": "https://pypi.org/pypi/{name}/json",
        "latest_datetime": "2023-12-16T17:06:55.989438+00:00",
        "latest_version": "4.2.0",
        "name": "anyio",
        "version": "4.2.0"
    },
    "argcomplete": {
        "datetime": "2023-11-12T21:29:27.611335+00:00",
        "domain": "https://pypi.org/pypi/{name}/json",
        "latest_datetime": "2023-11-12T21:29:27.611335+00:00",
        "latest_version": "3.1.6",
        "name": "argcomplete",
        "version": "3.1.6"
    },
    "arrow": {
        "datetime": "2023-09-30T22:11:16.072329+00:00",
        "domain": "https://pypi.org/pypi/{name}/json",
        "latest_datetime": "2023-09-30T22:11:16.072329+00:00",
        "latest_version": "1.3.0",
        "name": "arrow",
        "version": "1.3.0"
    },
    "astpretty": {
        "datetime": "2022-05-16T23:41:23.422340+00:00",
        "domain": "https://pypi.org/pypi/{name}/json",
        "latest_datetime": "2022-05-16T23:41:23.422340+00:00",
        "latest_version": "3.0.0",
        "name": "astpretty",
        "version": "3.0.0"
    },
    "astroid": {
        "datetime": "2023-12-12T12:48:03.647188+00:00",
        "domain": "https://pypi.org/pypi/{name}/json",
        "latest_datetime": "2023-12-12T12:48:03.647188+00:00",
        "latest_version": "3.0.2",
        "name": "astroid",
        "version": "3.0.2"
    },
    "attrs": {
        "datetime": "2023-12-31T06:30:30.772444+00:00",
        "domain": "https://pypi.org/pypi/{name}/json",
        "latest_datetime": "2023-12-31T06:30:30.772444+00:00",
        "latest_version": "23.2.0",
        "name": "attrs",
        "version": "23.2.0"
    },
    "autopep8": {
        "datetime": "2023-08-26T13:49:56.111908+00:00",
        "domain": "https://pypi.org/pypi/{name}/json",
        "latest_datetime": "2023-08-26T13:49:56.111908+00:00",
        "latest_version": "2.0.4",
        "name": "autopep8",
        "version": "2.0.4"
    },
    "babel": {
        "datetime": "2023-12-12T13:33:13.288237+00:00",
        "domain": "https://pypi.org/pypi/{name}/json",
        "latest_datetime": "2023-12-12T13:33:13.288237+00:00",
        "latest_version": "2.14.0",
        "name": "babel",
        "version": "2.14.0"
    },
    "bandit": {
        "datetime": "2024-01-23T21:16:08.929936+00:00",
        "domain": "https://pypi.org/pypi/{name}/json",
        "latest_datetime": "2024-01-23T21:16:08.929936+00:00",
        "latest_version": "1.7.7",
        "name": "bandit",
        "version": "1.7.7"
    },
    "beartype": {
        "datetime": "2024-01-25T08:06:45.070297+00:00",
        "domain": "https://pypi.org/pypi/{name}/json",
        "latest_datetime": "2024-01-25T08:06:45.070297+00:00",
        "latest_version": "0.17.0",
        "name": "beartype",
        "version": "0.17.0"
    },
    "bidict": {
        "datetime": "2023-01-01T01:54:13.937546+00:00",
        "domain": "https://pypi.org/pypi/{name}/json",
        "latest_datetime": "2023-01-01T01:54:13.937546+00:00",
        "latest_version": "0.22.1",
        "name": "bidict",
        "version": "0.22.1"
    },
    "black": {
        "datetime": "2024-01-28T05:37:38.937459+00:00",
        "domain": "https://pypi.org/pypi/{name}/json",
        "latest_datetime": "2024-01-28T05:37:38.937459+00:00",
        "latest_version": "24.1.1",
        "name": "black",
        "version": "24.1.1"
    },
    "bracex": {
        "datetime": "2023-09-02T01:32:23.902840+00:00",
        "domain": "https://pypi.org/pypi/{name}/json",
        "latest_datetime": "2023-09-02T01:32:23.902840+00:00",
        "latest_version": "2.4",
        "name": "bracex",
        "version": "2.4"
    },
    "certifi": {
        "datetime": "2023-11-18T02:54:00.083845+00:00",
        "domain": "https://pypi.org/pypi/{name}/json",
        "latest_datetime": "2023-11-18T02:54:00.083845+00:00",
        "latest_version": "2023.11.17",
        "name": "certifi",
        "version": "2023.11.17"
    },
    "charset-normalizer": {
        "datetime": "2023-11-01T04:02:29.048015+00:00",
        "domain": "https://pypi.org/pypi/{name}/json",
        "latest_datetime": "2023-11-01T04:02:29.048015+00:00",
        "latest_version": "3.3.2",
        "name": "charset-normalizer",
        "version": "3.3.2"
    },
    "click": {
        "datetime": "2023-08-17T17:29:10.080169+00:00",
        "domain": "https://pypi.org/pypi/{name}/json",
        "latest_datetime": "2023-08-17T17:29:10.080169+00:00",
        "latest_version": "8.1.7",
        "name": "click",
        "version": "8.1.7"
    },
    "colorama": {
        "datetime": "2022-10-25T02:36:20.889702+00:00",
        "domain": "https://pypi.org/pypi/{name}/json",
        "latest_datetime": "2022-10-25T02:36:20.889702+00:00",
        "latest_version": "0.4.6",
        "name": "colorama",
        "version": "0.4.6"
    },
    "colorlog": {
        "datetime": "2024-01-26T13:59:27.064648+00:00",
        "domain": "https://pypi.org/pypi/{name}/json",
        "latest_datetime": "2024-01-26T13:59:27.064648+00:00",
        "latest_version": "6.8.2",
        "name": "colorlog",
        "version": "6.8.2"
    },
    "commitizen": {
        "datetime": "2023-12-03T14:05:51.861462+00:00",
        "domain": "https://pypi.org/pypi/{name}/json",
        "latest_datetime": "2023-12-03T14:05:51.861462+00:00",
        "latest_version": "3.13.0",
        "name": "commitizen",
        "version": "3.13.0"
    },
    "corallium": {
        "datetime": "2023-08-14T01:26:51.193311+00:00",
        "domain": "https://pypi.org/pypi/{name}/json",
        "latest_datetime": "2023-08-14T01:26:51.193311+00:00",
        "latest_version": "0.3.3",
        "name": "corallium",
        "version": "0.3.3"
    },
    "coverage": {
        "datetime": "2024-01-26T18:51:48.115990+00:00",
        "domain": "https://pypi.org/pypi/{name}/json",
        "latest_datetime": "2024-01-26T18:51:48.115990+00:00",
        "latest_version": "7.4.1",
        "name": "coverage",
        "version": "7.4.1"
    },
    "decli": {
        "datetime": "2023-06-03T08:50:26.579880+00:00",
        "domain": "https://pypi.org/pypi/{name}/json",
        "latest_datetime": "2023-06-03T08:50:26.579880+00:00",
        "latest_version": "0.6.1",
        "name": "decli",
        "version": "0.6.1"
    },
    "dill": {
        "datetime": "2024-01-27T23:42:14.239489+00:00",
        "domain": "https://pypi.org/pypi/{name}/json",
        "latest_datetime": "2024-01-27T23:42:14.239489+00:00",
        "latest_version": "0.3.8",
        "name": "dill",
        "version": "0.3.8"
    },
    "distlib": {
        "datetime": "2023-12-12T07:13:59.966727+00:00",
        "domain": "https://pypi.org/pypi/{name}/json",
        "latest_datetime": "2023-12-12T07:13:59.966727+00:00",
        "latest_version": "0.3.8",
        "name": "distlib",
        "version": "0.3.8"
    },
    "dlint": {
        "datetime": "2023-04-10T19:34:22.085438+00:00",
        "domain": "https://pypi.org/pypi/{name}/json",
        "latest_datetime": "2023-04-10T19:34:22.085438+00:00",
        "latest_version": "0.14.1",
        "name": "dlint",
        "version": "0.14.1"
    },
    "exceptiongroup": {
        "datetime": "2023-11-21T08:42:15.525738+00:00",
        "domain": "https://pypi.org/pypi/{name}/json",
        "latest_datetime": "2023-11-21T08:42:15.525738+00:00",
        "latest_version": "1.2.0",
        "name": "exceptiongroup",
        "version": "1.2.0"
    },
    "filelock": {
        "datetime": "2023-10-30T18:29:37.267836+00:00",
        "domain": "https://pypi.org/pypi/{name}/json",
        "latest_datetime": "2023-10-30T18:29:37.267836+00:00",
        "latest_version": "3.13.1",
        "name": "filelock",
        "version": "3.13.1"
    },
    "flake8": {
        "datetime": "2024-01-05T00:41:49.837216+00:00",
        "domain": "https://pypi.org/pypi/{name}/json",
        "latest_datetime": "2024-01-05T00:41:49.837216+00:00",
        "latest_version": "7.0.0",
        "name": "flake8",
        "version": "7.0.0"
    },
    "flake8-adjustable-complexity": {
        "datetime": "2022-02-24T19:06:06.596554+00:00",
        "domain": "https://pypi.org/pypi/{name}/json",
        "latest_datetime": "2022-02-24T19:06:06.596554+00:00",
        "latest_version": "0.0.6",
        "name": "flake8-adjustable-complexity",
        "version": "0.0.6"
    },
    "flake8-annotations-complexity": {
        "datetime": "2023-06-22T13:26:32.449834+00:00",
        "domain": "https://pypi.org/pypi/{name}/json",
        "latest_datetime": "2023-06-22T13:26:32.449834+00:00",
        "latest_version": "0.0.8",
        "name": "flake8-annotations-complexity",
        "version": "0.0.8"
    },
    "flake8-expression-complexity": {
        "datetime": "2022-03-19T07:13:03.128527+00:00",
        "domain": "https://pypi.org/pypi/{name}/json",
        "latest_datetime": "2022-03-19T07:13:03.128527+00:00",
        "latest_version": "0.0.11",
        "name": "flake8-expression-complexity",
        "version": "0.0.11"
    },
    "flake8-printf-formatting": {
        "datetime": "2021-02-01T02:14:58.801285+00:00",
        "domain": "https://pypi.org/pypi/{name}/json",
        "latest_datetime": "2021-02-01T02:14:58.801285+00:00",
        "latest_version": "1.1.2",
        "name": "flake8-printf-formatting",
        "version": "1.1.2"
    },
    "flake8-sql": {
        "datetime": "2020-06-27T20:18:47.766579+00:00",
        "domain": "https://pypi.org/pypi/{name}/json",
        "latest_datetime": "2020-06-27T20:18:47.766579+00:00",
        "latest_version": "0.4.1",
        "name": "flake8-sql",
        "version": "0.4.1"
    },
    "flake8-string-format": {
        "datetime": "2020-02-16T15:27:49.327646+00:00",
        "domain": "https://pypi.org/pypi/{name}/json",
        "latest_datetime": "2020-02-16T15:27:49.327646+00:00",
        "latest_version": "0.3.0",
        "name": "flake8-string-format",
        "version": "0.3.0"
    },
    "ghp-import": {
        "datetime": "2022-05-02T15:47:14.552377+00:00",
        "domain": "https://pypi.org/pypi/{name}/json",
        "latest_datetime": "2022-05-02T15:47:14.552377+00:00",
        "latest_version": "2.1.0",
        "name": "ghp-import",
        "version": "2.1.0"
    },
    "gitdb": {
        "datetime": "2023-10-20T07:43:16.712121+00:00",
        "domain": "https://pypi.org/pypi/{name}/json",
        "latest_datetime": "2023-10-20T07:43:16.712121+00:00",
        "latest_version": "4.0.11",
        "name": "gitdb",
        "version": "4.0.11"
    },
    "gitpython": {
        "datetime": "2024-01-10T12:15:16.135166+00:00",
        "domain": "https://pypi.org/pypi/{name}/json",
        "latest_datetime": "2024-01-10T12:15:16.135166+00:00",
        "latest_version": "3.1.41",
        "name": "gitpython",
        "version": "3.1.41"
    },
    "griffe": {
        "datetime": "2024-01-30T16:43:11.178964+00:00",
        "domain": "https://pypi.org/pypi/{name}/json",
        "latest_datetime": "2024-01-30T16:43:11.178964+00:00",
        "latest_version": "0.40.0",
        "name": "griffe",
        "version": "0.40.0"
    },
    "h11": {
        "datetime": "2022-09-25T15:39:59.680277+00:00",
        "domain": "https://pypi.org/pypi/{name}/json",
        "latest_datetime": "2022-09-25T15:39:59.680277+00:00",
        "latest_version": "0.14.0",
        "name": "h11",
        "version": "0.14.0"
    },
    "httpcore": {
        "datetime": "2023-11-10T13:37:40.937993+00:00",
        "domain": "https://pypi.org/pypi/{name}/json",
        "latest_datetime": "2023-11-10T13:37:40.937993+00:00",
        "latest_version": "1.0.2",
        "name": "httpcore",
        "version": "1.0.2"
    },
    "httplib2": {
        "datetime": "2023-03-21T22:29:35.683092+00:00",
        "domain": "https://pypi.org/pypi/{name}/json",
        "latest_datetime": "2023-03-21T22:29:35.683092+00:00",
        "latest_version": "0.22.0",
        "name": "httplib2",
        "version": "0.22.0"
    },
    "httpx": {
        "datetime": "2023-12-20T11:02:55.395888+00:00",
        "domain": "https://pypi.org/pypi/{name}/json",
        "latest_datetime": "2023-12-20T11:02:55.395888+00:00",
        "latest_version": "0.26.0",
        "name": "httpx",
        "version": "0.26.0"
    },
    "hypothesis": {
        "datetime": "2024-01-31T20:49:29.197263+00:00",
        "domain": "https://pypi.org/pypi/{name}/json",
        "latest_datetime": "2024-01-31T20:49:29.197263+00:00",
        "latest_version": "6.97.4",
        "name": "hypothesis",
        "version": "6.97.4"
    },
    "idna": {
        "datetime": "2023-11-25T15:40:52.604388+00:00",
        "domain": "https://pypi.org/pypi/{name}/json",
        "latest_datetime": "2023-11-25T15:40:52.604388+00:00",
        "latest_version": "3.6",
        "name": "idna",
        "version": "3.6"
    },
    "importlib-metadata": {
        "datetime": "2023-12-03T17:33:08.965354+00:00",
        "domain": "https://pypi.org/pypi/{name}/json",
        "latest_datetime": "2023-12-03T17:42:14.834082+00:00",
        "latest_version": "7.0.0",
        "name": "importlib-metadata",
        "version": "6.11.0"
    },
    "iniconfig": {
        "datetime": "2023-01-07T11:08:09.864484+00:00",
        "domain": "https://pypi.org/pypi/{name}/json",
        "latest_datetime": "2023-01-07T11:08:09.864484+00:00",
        "latest_version": "2.0.0",
        "name": "iniconfig",
        "version": "2.0.0"
    },
    "invoke": {
        "datetime": "2023-07-12T18:05:16.294786+00:00",
        "domain": "https://pypi.org/pypi/{name}/json",
        "latest_datetime": "2023-07-12T18:05:16.294786+00:00",
        "latest_version": "2.2.0",
        "name": "invoke",
        "version": "2.2.0"
    },
    "isort": {
        "datetime": "2023-12-13T20:37:23.244120+00:00",
        "domain": "https://pypi.org/pypi/{name}/json",
        "latest_datetime": "2023-12-13T20:37:23.244120+00:00",
        "latest_version": "5.13.2",
        "name": "isort",
        "version": "5.13.2"
    },
    "jinja2": {
        "datetime": "2024-01-10T23:12:19.504680+00:00",
        "domain": "https://pypi.org/pypi/{name}/json",
        "latest_datetime": "2024-01-10T23:12:19.504680+00:00",
        "latest_version": "3.1.3",
        "name": "jinja2",
        "version": "3.1.3"
    },
    "markdown": {
        "datetime": "2024-01-10T15:19:36.071471+00:00",
        "domain": "https://pypi.org/pypi/{name}/json",
        "latest_datetime": "2024-01-10T15:19:36.071471+00:00",
        "latest_version": "3.5.2",
        "name": "markdown",
        "version": "3.5.2"
    },
    "markdown-it-py": {
        "datetime": "2023-06-03T06:41:11.019475+00:00",
        "domain": "https://pypi.org/pypi/{name}/json",
        "latest_datetime": "2023-06-03T06:41:11.019475+00:00",
        "latest_version": "3.0.0",
        "name": "markdown-it-py",
        "version": "3.0.0"
    },
    "markupsafe": {
        "datetime": "2024-01-19T22:48:20.932819+00:00",
        "domain": "https://pypi.org/pypi/{name}/json",
        "latest_datetime": "2024-01-19T22:48:20.932819+00:00",
        "latest_version": "2.1.4",
        "name": "markupsafe",
        "version": "2.1.4"
    },
    "mccabe": {
        "datetime": "2022-01-24T01:14:49.620723+00:00",
        "domain": "https://pypi.org/pypi/{name}/json",
        "latest_datetime": "2022-01-24T01:14:49.620723+00:00",
        "latest_version": "0.7.0",
        "name": "mccabe",
        "version": "0.7.0"
    },
    "mdurl": {
        "datetime": "2022-08-14T12:40:09.779676+00:00",
        "domain": "https://pypi.org/pypi/{name}/json",
        "latest_datetime": "2022-08-14T12:40:09.779676+00:00",
        "latest_version": "0.1.2",
        "name": "mdurl",
        "version": "0.1.2"
    },
    "mergedeep": {
        "datetime": "2021-02-05T18:55:29.583731+00:00",
        "domain": "https://pypi.org/pypi/{name}/json",
        "latest_datetime": "2021-02-05T18:55:29.583731+00:00",
        "latest_version": "1.3.4",
        "name": "mergedeep",
        "version": "1.3.4"
    },
    "mkdocs": {
        "datetime": "2023-09-18T21:26:09.089054+00:00",
        "domain": "https://pypi.org/pypi/{name}/json",
        "latest_datetime": "2023-09-18T21:26:09.089054+00:00",
        "latest_version": "1.5.3",
        "name": "mkdocs",
        "version": "1.5.3"
    },
    "mkdocs-autorefs": {
        "datetime": "2023-08-02T19:40:47.684022+00:00",
        "domain": "https://pypi.org/pypi/{name}/json",
        "latest_datetime": "2023-08-02T19:40:47.684022+00:00",
        "latest_version": "0.5.0",
        "name": "mkdocs-autorefs",
        "version": "0.5.0"
    },
    "mkdocs-build-plantuml-plugin": {
        "datetime": "2023-11-10T19:24:37.173116+00:00",
        "domain": "https://pypi.org/pypi/{name}/json",
        "latest_datetime": "2023-11-10T19:24:37.173116+00:00",
        "latest_version": "1.9.0",
        "name": "mkdocs-build-plantuml-plugin",
        "version": "1.9.0"
    },
    "mkdocs-gen-files": {
        "datetime": "2023-04-27T19:48:07.059869+00:00",
        "domain": "https://pypi.org/pypi/{name}/json",
        "latest_datetime": "2023-04-27T19:48:07.059869+00:00",
        "latest_version": "0.5.0",
        "name": "mkdocs-gen-files",
        "version": "0.5.0"
    },
    "mkdocs-git-revision-date-localized-plugin": {
        "datetime": "2023-12-18T20:23:15.383459+00:00",
        "domain": "https://pypi.org/pypi/{name}/json",
        "latest_datetime": "2023-12-18T20:23:15.383459+00:00",
        "latest_version": "1.2.2",
        "name": "mkdocs-git-revision-date-localized-plugin",
        "version": "1.2.2"
    },
    "mkdocs-include-markdown-plugin": {
        "datetime": "2023-11-10T21:13:17.400530+00:00",
        "domain": "https://pypi.org/pypi/{name}/json",
        "latest_datetime": "2023-11-10T21:13:17.400530+00:00",
        "latest_version": "6.0.4",
        "name": "mkdocs-include-markdown-plugin",
        "version": "6.0.4"
    },
    "mkdocs-literate-nav": {
        "datetime": "2023-09-10T22:17:18.751200+00:00",
        "domain": "https://pypi.org/pypi/{name}/json",
        "latest_datetime": "2023-09-10T22:17:18.751200+00:00",
        "latest_version": "0.6.1",
        "name": "mkdocs-literate-nav",
        "version": "0.6.1"
    },
    "mkdocs-material": {
        "datetime": "2024-01-28T08:28:39.201936+00:00",
        "domain": "https://pypi.org/pypi/{name}/json",
        "latest_datetime": "2024-01-28T08:28:39.201936+00:00",
        "latest_version": "9.5.6",
        "name": "mkdocs-material",
        "version": "9.5.6"
    },
    "mkdocs-material-extensions": {
        "datetime": "2023-11-22T19:09:43.465661+00:00",
        "domain": "https://pypi.org/pypi/{name}/json",
        "latest_datetime": "2023-11-22T19:09:43.465661+00:00",
        "latest_version": "1.3.1",
        "name": "mkdocs-material-extensions",
        "version": "1.3.1"
    },
    "mkdocs-section-index": {
        "datetime": "2023-09-22T12:04:34.259050+00:00",
        "domain": "https://pypi.org/pypi/{name}/json",
        "latest_datetime": "2023-09-22T12:04:34.259050+00:00",
        "latest_version": "0.3.8",
        "name": "mkdocs-section-index",
        "version": "0.3.8"
    },
    "mkdocstrings": {
        "datetime": "2023-11-14T17:46:17.961362+00:00",
        "domain": "https://pypi.org/pypi/{name}/json",
        "latest_datetime": "2023-11-14T17:46:17.961362+00:00",
        "latest_version": "0.24.0",
        "name": "mkdocstrings",
        "version": "0.24.0"
    },
    "mkdocstrings-python": {
        "datetime": "2024-01-08T16:15:11.043066+00:00",
        "domain": "https://pypi.org/pypi/{name}/json",
        "latest_datetime": "2024-01-08T16:15:11.043066+00:00",
        "latest_version": "1.8.0",
        "name": "mkdocstrings-python",
        "version": "1.8.0"
    },
    "multidict": {
        "datetime": "2022-12-24T02:29:29.594147+00:00",
        "domain": "https://pypi.org/pypi/{name}/json",
        "latest_datetime": "2022-12-24T02:29:29.594147+00:00",
        "latest_version": "6.0.4",
        "name": "multidict",
        "version": "6.0.4"
    },
    "mypy": {
        "datetime": "2023-12-21T16:28:31.974929+00:00",
        "domain": "https://pypi.org/pypi/{name}/json",
        "latest_datetime": "2023-12-21T16:28:31.974929+00:00",
        "latest_version": "1.8.0",
        "name": "mypy",
        "version": "1.8.0"
    },
    "mypy-extensions": {
        "datetime": "2023-02-04T12:11:25.002510+00:00",
        "domain": "https://pypi.org/pypi/{name}/json",
        "latest_datetime": "2023-02-04T12:11:25.002510+00:00",
        "latest_version": "1.0.0",
        "name": "mypy-extensions",
        "version": "1.0.0"
    },
    "nox": {
        "datetime": "2023-04-23T03:12:57.080768+00:00",
        "domain": "https://pypi.org/pypi/{name}/json",
        "latest_datetime": "2023-04-23T03:12:57.080768+00:00",
        "latest_version": "2023.4.22",
        "name": "nox",
        "version": "2023.4.22"
    },
    "nox-poetry": {
        "datetime": "2023-07-08T23:15:17.940770+00:00",
        "domain": "https://pypi.org/pypi/{name}/json",
        "latest_datetime": "2023-07-08T23:15:17.940770+00:00",
        "latest_version": "1.0.3",
        "name": "nox-poetry",
        "version": "1.0.3"
    },
    "numpy": {
        "datetime": "2024-01-02T22:20:37.359401+00:00",
        "domain": "https://pypi.org/pypi/{name}/json",
        "latest_datetime": "2024-01-02T22:20:37.359401+00:00",
        "latest_version": "1.26.3",
        "name": "numpy",
        "version": "1.26.3"
    },
    "packaging": {
        "datetime": "2023-10-01T13:50:03.745708+00:00",
        "domain": "https://pypi.org/pypi/{name}/json",
        "latest_datetime": "2023-10-01T13:50:03.745708+00:00",
        "latest_version": "23.2",
        "name": "packaging",
        "version": "23.2"
    },
    "paginate": {
        "datetime": "2016-11-22T12:54:04.503904+00:00",
        "domain": "https://pypi.org/pypi/{name}/json",
        "latest_datetime": "2016-11-22T12:54:04.503904+00:00",
        "latest_version": "0.5.6",
        "name": "paginate",
        "version": "0.5.6"
    },
    "pandas": {
        "datetime": "2024-01-20T02:10:54.053228+00:00",
        "domain": "https://pypi.org/pypi/{name}/json",
        "latest_datetime": "2024-01-20T02:10:54.053228+00:00",
        "latest_version": "2.2.0",
        "name": "pandas",
        "version": "2.2.0"
    },
    "pathspec": {
        "datetime": "2023-12-10T22:30:43.140207+00:00",
        "domain": "https://pypi.org/pypi/{name}/json",
        "latest_datetime": "2023-12-10T22:30:43.140207+00:00",
        "latest_version": "0.12.1",
        "name": "pathspec",
        "version": "0.12.1"
    },
    "pbr": {
        "datetime": "2023-11-07T18:32:21.527935+00:00",
        "domain": "https://pypi.org/pypi/{name}/json",
        "latest_datetime": "2023-11-07T18:32:21.527935+00:00",
        "latest_version": "6.0.0",
        "name": "pbr",
        "version": "6.0.0"
    },
    "pip": {
        "datetime": "2023-12-17T13:05:02.424947+00:00",
        "domain": "https://pypi.org/pypi/{name}/json",
        "latest_datetime": "2023-12-17T13:05:02.424947+00:00",
        "latest_version": "23.3.2",
        "name": "pip",
        "version": "23.3.2"
    },
    "pip-check": {
        "datetime": "2022-11-06T05:14:07.450137+00:00",
        "domain": "https://pypi.org/pypi/{name}/json",
        "latest_datetime": "2022-11-06T05:30:32.172747+00:00",
        "latest_version": "2.9a1",
        "name": "pip-check",
        "version": "2.8.1"
    },
    "platformdirs": {
        "datetime": "2024-01-31T01:00:34.019416+00:00",
        "domain": "https://pypi.org/pypi/{name}/json",
        "latest_datetime": "2024-01-31T01:00:34.019416+00:00",
        "latest_version": "4.2.0",
        "name": "platformdirs",
        "version": "4.2.0"
    },
    "pluggy": {
        "datetime": "2024-01-24T13:45:14.227857+00:00",
        "domain": "https://pypi.org/pypi/{name}/json",
        "latest_datetime": "2024-01-24T13:45:14.227857+00:00",
        "latest_version": "1.4.0",
        "name": "pluggy",
        "version": "1.4.0"
    },
    "prompt-toolkit": {
        "datetime": "2022-12-06T22:36:35.797842+00:00",
        "domain": "https://pypi.org/pypi/{name}/json",
        "latest_datetime": "2023-07-04T11:13:29.002771+00:00",
        "latest_version": "3.0.39",
        "name": "prompt-toolkit",
        "version": "3.0.36"
    },
    "pycodestyle": {
        "datetime": "2023-10-12T23:39:38.242187+00:00",
        "domain": "https://pypi.org/pypi/{name}/json",
        "latest_datetime": "2023-10-12T23:39:38.242187+00:00",
        "latest_version": "2.11.1",
        "name": "pycodestyle",
        "version": "2.11.1"
    },
    "pydantic": {
        "datetime": "2024-01-29T14:39:01.673225+00:00",
        "domain": "https://pypi.org/pypi/{name}/json",
        "latest_datetime": "2024-01-29T14:39:01.673225+00:00",
        "latest_version": "2.6.0",
        "name": "pydantic",
        "version": "2.6.0"
    },
    "pydantic-core": {
        "datetime": "2024-01-19T13:09:53.921892+00:00",
        "domain": "https://pypi.org/pypi/{name}/json",
        "latest_datetime": "2024-01-19T13:09:53.921892+00:00",
        "latest_version": "2.16.1",
        "name": "pydantic-core",
        "version": "2.16.1"
    },
    "pyflakes": {
        "datetime": "2024-01-05T00:28:45.903788+00:00",
        "domain": "https://pypi.org/pypi/{name}/json",
        "latest_datetime": "2024-01-05T00:28:45.903788+00:00",
        "latest_version": "3.2.0",
        "name": "pyflakes",
        "version": "3.2.0"
    },
    "pygments": {
        "datetime": "2023-11-21T20:43:49.423320+00:00",
        "domain": "https://pypi.org/pypi/{name}/json",
        "latest_datetime": "2023-11-21T20:43:49.423320+00:00",
        "latest_version": "2.17.2",
        "name": "pygments",
        "version": "2.17.2"
    },
    "pylint": {
        "datetime": "2023-12-11T13:20:16.441025+00:00",
        "domain": "https://pypi.org/pypi/{name}/json",
        "latest_datetime": "2023-12-11T13:20:16.441025+00:00",
        "latest_version": "3.0.3",
        "name": "pylint",
        "version": "3.0.3"
    },
    "pymdown-extensions": {
        "datetime": "2023-12-30T23:11:52.304925+00:00",
        "domain": "https://pypi.org/pypi/{name}/json",
        "latest_datetime": "2023-12-30T23:11:52.304925+00:00",
        "latest_version": "10.7",
        "name": "pymdown-extensions",
        "version": "10.7"
    },
    "pyparsing": {
        "datetime": "2023-07-30T15:06:59.829996+00:00",
        "domain": "https://pypi.org/pypi/{name}/json",
        "latest_datetime": "2023-07-30T15:06:59.829996+00:00",
        "latest_version": "3.1.1",
        "name": "pyparsing",
        "version": "3.1.1"
    },
    "pyrate-limiter": {
        "datetime": "2024-01-10T09:41:57.942431+00:00",
        "domain": "https://pypi.org/pypi/{name}/json",
        "latest_datetime": "2024-01-10T09:41:57.942431+00:00",
        "latest_version": "3.2.0",
        "name": "pyrate-limiter",
        "version": "3.2.0"
    },
    "pytest": {
        "datetime": "2023-12-31T12:00:13.963462+00:00",
        "domain": "https://pypi.org/pypi/{name}/json",
        "latest_datetime": "2024-01-27T21:47:54.913691+00:00",
        "latest_version": "8.0.0",
        "name": "pytest",
        "version": "7.4.4"
    },
    "pytest-asyncio": {
        "datetime": "2024-01-28T19:11:30.951587+00:00",
        "domain": "https://pypi.org/pypi/{name}/json",
        "latest_datetime": "2024-01-28T19:11:30.951587+00:00",
        "latest_version": "0.23.4",
        "name": "pytest-asyncio",
        "version": "0.23.4"
    },
    "pytest-cov": {
        "datetime": "2023-05-24T18:44:54.079550+00:00",
        "domain": "https://pypi.org/pypi/{name}/json",
        "latest_datetime": "2023-05-24T18:44:54.079550+00:00",
        "latest_version": "4.1.0",
        "name": "pytest-cov",
        "version": "4.1.0"
    },
    "pytest-randomly": {
        "datetime": "2023-08-15T18:04:57.913911+00:00",
        "domain": "https://pypi.org/pypi/{name}/json",
        "latest_datetime": "2023-08-15T18:04:57.913911+00:00",
        "latest_version": "3.15.0",
        "name": "pytest-randomly",
        "version": "3.15.0"
    },
    "pytest-recording": {
        "datetime": "2023-12-06T23:33:32.694195+00:00",
        "domain": "https://pypi.org/pypi/{name}/json",
        "latest_datetime": "2023-12-06T23:33:32.694195+00:00",
        "latest_version": "0.13.1",
        "name": "pytest-recording",
        "version": "0.13.1"
    },
    "pytest-subprocess": {
        "datetime": "2023-01-28T10:18:40.487837+00:00",
        "domain": "https://pypi.org/pypi/{name}/json",
        "latest_datetime": "2023-01-28T10:18:40.487837+00:00",
        "latest_version": "1.5.0",
        "name": "pytest-subprocess",
        "version": "1.5.0"
    },
    "pytest-watcher": {
        "datetime": "2024-01-28T14:34:20.316312+00:00",
        "domain": "https://pypi.org/pypi/{name}/json",
        "latest_datetime": "2024-01-28T14:34:20.316312+00:00",
        "latest_version": "0.3.5",
        "name": "pytest-watcher",
        "version": "0.3.5"
    },
    "python-box": {
        "datetime": "2023-08-26T14:46:01.987366+00:00",
        "domain": "https://pypi.org/pypi/{name}/json",
        "latest_datetime": "2023-08-26T14:46:01.987366+00:00",
        "latest_version": "7.1.1",
        "name": "python-box",
        "version": "7.1.1"
    },
    "python-dateutil": {
        "datetime": "2021-07-14T08:19:18.161589+00:00",
        "domain": "https://pypi.org/pypi/{name}/json",
        "latest_datetime": "2021-07-14T08:19:18.161589+00:00",
        "latest_version": "2.8.2",
        "name": "python-dateutil",
        "version": "2.8.2"
    },
    "pytz": {
        "datetime": "2024-01-29T03:41:21.437789+00:00",
        "domain": "https://pypi.org/pypi/{name}/json",
        "latest_datetime": "2024-01-29T03:41:21.437789+00:00",
        "latest_version": "2023.4",
        "name": "pytz",
        "version": "2023.4"
    },
    "pyyaml": {
        "datetime": "2023-07-17T23:57:04.325444+00:00",
        "domain": "https://pypi.org/pypi/{name}/json",
        "latest_datetime": "2023-07-17T23:57:04.325444+00:00",
        "latest_version": "6.0.1",
        "name": "pyyaml",
        "version": "6.0.1"
    },
    "pyyaml-env-tag": {
        "datetime": "2020-11-12T02:38:24.638742+00:00",
        "domain": "https://pypi.org/pypi/{name}/json",
        "latest_datetime": "2020-11-12T02:38:24.638742+00:00",
        "latest_version": "0.1",
        "name": "pyyaml-env-tag",
        "version": "0.1"
    },
    "questionary": {
        "datetime": "2023-09-08T12:19:01.612201+00:00",
        "domain": "https://pypi.org/pypi/{name}/json",
        "latest_datetime": "2023-09-08T12:19:01.612201+00:00",
        "latest_version": "2.0.1",
        "name": "questionary",
        "version": "2.0.1"
    },
    "regex": {
        "datetime": "2023-12-24T02:43:23.163613+00:00",
        "domain": "https://pypi.org/pypi/{name}/json",
        "latest_datetime": "2023-12-24T02:43:23.163613+00:00",
        "latest_version": "2023.12.25",
        "name": "regex",
        "version": "2023.12.25"
    },
    "requests": {
        "datetime": "2023-05-22T15:12:42.313790+00:00",
        "domain": "https://pypi.org/pypi/{name}/json",
        "latest_datetime": "2023-05-22T15:12:42.313790+00:00",
        "latest_version": "2.31.0",
        "name": "requests",
        "version": "2.31.0"
    },
    "rich": {
        "datetime": "2023-11-15T16:32:11.457229+00:00",
        "domain": "https://pypi.org/pypi/{name}/json",
        "latest_datetime": "2023-11-15T16:32:11.457229+00:00",
        "latest_version": "13.7.0",
        "name": "rich",
        "version": "13.7.0"
    },
    "ruff": {
        "datetime": "2024-01-29T23:05:04.991447+00:00",
        "domain": "https://pypi.org/pypi/{name}/json",
        "latest_datetime": "2024-01-29T23:05:04.991447+00:00",
        "latest_version": "0.1.15",
        "name": "ruff",
        "version": "0.1.15"
    },
    "semver": {
        "datetime": "2023-10-09T11:58:24.128452+00:00",
        "domain": "https://pypi.org/pypi/{name}/json",
        "latest_datetime": "2023-10-09T11:58:24.128452+00:00",
        "latest_version": "3.0.2",
        "name": "semver",
        "version": "3.0.2"
    },
    "setuptools": {
        "datetime": "2023-12-23T15:09:09.719306+00:00",
        "domain": "https://pypi.org/pypi/{name}/json",
        "latest_datetime": "2023-12-23T15:09:09.719306+00:00",
        "latest_version": "69.0.3",
        "name": "setuptools",
        "version": "69.0.3"
    },
    "six": {
        "datetime": "2021-05-05T14:18:17.237677+00:00",
        "domain": "https://pypi.org/pypi/{name}/json",
        "latest_datetime": "2021-05-05T14:18:17.237677+00:00",
        "latest_version": "1.16.0",
        "name": "six",
        "version": "1.16.0"
    },
    "smmap": {
        "datetime": "2023-09-17T11:35:03.253782+00:00",
        "domain": "https://pypi.org/pypi/{name}/json",
        "latest_datetime": "2023-09-17T11:35:03.253782+00:00",
        "latest_version": "5.0.1",
        "name": "smmap",
        "version": "5.0.1"
    },
    "sniffio": {
        "datetime": "2022-09-01T12:31:34.186296+00:00",
        "domain": "https://pypi.org/pypi/{name}/json",
        "latest_datetime": "2022-09-01T12:31:34.186296+00:00",
        "latest_version": "1.3.0",
        "name": "sniffio",
        "version": "1.3.0"
    },
    "sortedcontainers": {
        "datetime": "2021-05-16T22:03:41.177807+00:00",
        "domain": "https://pypi.org/pypi/{name}/json",
        "latest_datetime": "2021-05-16T22:03:41.177807+00:00",
        "latest_version": "2.4.0",
        "name": "sortedcontainers",
        "version": "2.4.0"
    },
    "sqlparse": {
        "datetime": "2023-04-18T08:30:36.960446+00:00",
        "domain": "https://pypi.org/pypi/{name}/json",
        "latest_datetime": "2023-04-18T08:30:36.960446+00:00",
        "latest_version": "0.4.4",
        "name": "sqlparse",
        "version": "0.4.4"
    },
    "stevedore": {
        "datetime": "2023-05-15T08:16:55.925432+00:00",
        "domain": "https://pypi.org/pypi/{name}/json",
        "latest_datetime": "2023-05-15T08:16:55.925432+00:00",
        "latest_version": "5.1.0",
        "name": "stevedore",
        "version": "5.1.0"
    },
    "syrupy": {
        "datetime": "2023-10-24T15:41:55.133812+00:00",
        "domain": "https://pypi.org/pypi/{name}/json",
        "latest_datetime": "2023-10-24T15:41:55.133812+00:00",
        "latest_version": "4.6.0",
        "name": "syrupy",
        "version": "4.6.0"
    },
    "tabulate": {
        "datetime": "2022-10-06T17:21:44.262497+00:00",
        "domain": "https://pypi.org/pypi/{name}/json",
        "latest_datetime": "2022-10-06T17:21:44.262497+00:00",
        "latest_version": "0.9.0",
        "name": "tabulate",
        "version": "0.9.0"
    },
    "termcolor": {
        "datetime": "2023-12-01T11:04:50.019609+00:00",
        "domain": "https://pypi.org/pypi/{name}/json",
        "latest_datetime": "2023-12-01T11:04:50.019609+00:00",
        "latest_version": "2.4.0",
        "name": "termcolor",
        "version": "2.4.0"
    },
    "terminaltables": {
        "datetime": "2021-12-07T19:03:34.013333+00:00",
        "domain": "https://pypi.org/pypi/{name}/json",
        "latest_datetime": "2021-12-07T19:03:34.013333+00:00",
        "latest_version": "3.1.10",
        "name": "terminaltables",
        "version": "3.1.10"
    },
    "tomli": {
        "datetime": "2022-02-08T10:54:02.017593+00:00",
        "domain": "https://pypi.org/pypi/{name}/json",
        "latest_datetime": "2022-02-08T10:54:02.017593+00:00",
        "latest_version": "2.0.1",
        "name": "tomli",
        "version": "2.0.1"
    },
    "tomlkit": {
        "datetime": "2023-11-15T00:39:54.059717+00:00",
        "domain": "https://pypi.org/pypi/{name}/json",
        "latest_datetime": "2023-11-15T00:39:54.059717+00:00",
        "latest_version": "0.12.3",
        "name": "tomlkit",
        "version": "0.12.3"
    },
    "transitions": {
        "datetime": "2022-09-02T09:48:52.135381+00:00",
        "domain": "https://pypi.org/pypi/{name}/json",
        "latest_datetime": "2022-09-02T09:48:52.135381+00:00",
        "latest_version": "0.9.0",
        "name": "transitions",
        "version": "0.9.0"
    },
    "types-python-dateutil": {
        "datetime": "2024-01-06T02:22:03.336449+00:00",
        "domain": "https://pypi.org/pypi/{name}/json",
        "latest_datetime": "2024-01-06T02:22:03.336449+00:00",
        "latest_version": "2.8.19.20240106",
        "name": "types-python-dateutil",
        "version": "2.8.19.20240106"
    },
    "types-pyyaml": {
        "datetime": "2023-09-23T15:12:44.546289+00:00",
        "domain": "https://pypi.org/pypi/{name}/json",
        "latest_datetime": "2023-09-23T15:12:44.546289+00:00",
        "latest_version": "6.0.12.12",
        "name": "types-pyyaml",
        "version": "6.0.12.12"
    },
    "types-setuptools": {
        "datetime": "2024-01-25T02:24:51.509178+00:00",
        "domain": "https://pypi.org/pypi/{name}/json",
        "latest_datetime": "2024-01-25T02:24:51.509178+00:00",
        "latest_version": "69.0.0.20240125",
        "name": "types-setuptools",
        "version": "69.0.0.20240125"
    },
    "typing-extensions": {
        "datetime": "2023-12-10T01:14:20.617723+00:00",
        "domain": "https://pypi.org/pypi/{name}/json",
        "latest_datetime": "2023-12-10T01:14:20.617723+00:00",
        "latest_version": "4.9.0",
        "name": "typing-extensions",
        "version": "4.9.0"
    },
    "tzdata": {
        "datetime": "2023-12-29T15:52:41.287091+00:00",
        "domain": "https://pypi.org/pypi/{name}/json",
        "latest_datetime": "2023-12-29T15:52:41.287091+00:00",
        "latest_version": "2023.4",
        "name": "tzdata",
        "version": "2023.4"
    },
    "urllib3": {
        "datetime": "2024-01-30T15:18:04.978871+00:00",
        "domain": "https://pypi.org/pypi/{name}/json",
        "latest_datetime": "2024-01-30T15:18:04.978871+00:00",
        "latest_version": "2.2.0",
        "name": "urllib3",
        "version": "2.2.0"
    },
    "vcrpy": {
        "datetime": "2024-01-25T16:17:46.838399+00:00",
        "domain": "https://pypi.org/pypi/{name}/json",
        "latest_datetime": "2024-01-25T16:17:46.838399+00:00",
        "latest_version": "6.0.1",
        "name": "vcrpy",
        "version": "6.0.1"
    },
    "virtualenv": {
        "datetime": "2023-12-01T16:24:36.313259+00:00",
        "domain": "https://pypi.org/pypi/{name}/json",
        "latest_datetime": "2023-12-01T16:24:36.313259+00:00",
        "latest_version": "20.25.0",
        "name": "virtualenv",
        "version": "20.25.0"
    },
    "watchdog": {
        "datetime": "2023-03-20T09:20:25.047937+00:00",
        "domain": "https://pypi.org/pypi/{name}/json",
        "latest_datetime": "2023-03-20T09:20:25.047937+00:00",
        "latest_version": "3.0.0",
        "name": "watchdog",
        "version": "3.0.0"
    },
    "wcmatch": {
        "datetime": "2023-08-30T21:09:42.702650+00:00",
        "domain": "https://pypi.org/pypi/{name}/json",
        "latest_datetime": "2023-08-30T21:09:42.702650+00:00",
        "latest_version": "8.5",
        "name": "wcmatch",
        "version": "8.5"
    },
    "wcwidth": {
        "datetime": "2024-01-06T02:10:55.763669+00:00",
        "domain": "https://pypi.org/pypi/{name}/json",
        "latest_datetime": "2024-01-06T02:10:55.763669+00:00",
        "latest_version": "0.2.13",
        "name": "wcwidth",
        "version": "0.2.13"
    },
    "wrapt": {
        "datetime": "2023-11-09T06:31:34.487396+00:00",
        "domain": "https://pypi.org/pypi/{name}/json",
        "latest_datetime": "2023-11-09T06:31:34.487396+00:00",
        "latest_version": "1.16.0",
        "name": "wrapt",
        "version": "1.16.0"
    },
    "yarl": {
        "datetime": "2023-12-06T12:49:47.429549+00:00",
        "domain": "https://pypi.org/pypi/{name}/json",
        "latest_datetime": "2023-12-06T12:49:47.429549+00:00",
        "latest_version": "1.9.4",
        "name": "yarl",
        "version": "1.9.4"
    },
    "zipp": {
        "datetime": "2023-09-18T15:18:23.146370+00:00",
        "domain": "https://pypi.org/pypi/{name}/json",
        "latest_datetime": "2023-09-18T15:18:23.146370+00:00",
        "latest_version": "3.17.0",
        "name": "zipp",
        "version": "3.17.0"
    }
}
