# This file is automatically @generated by Poetry and should not be changed by hand.

[[package]]
name = "beartype"
version = "0.12.0"
description = "Unbearably fast runtime type checking in pure Python."
category = "main"
optional = false
python-versions = ">=3.7.0"
files = [
    {file = "beartype-0.12.0-py3-none-any.whl", hash = "sha256:3d9d5bec198bcf965c000d7b5120bebdd19a444ef6e39e97d0e93eb8832e10c8"},
    {file = "beartype-0.12.0.tar.gz", hash = "sha256:3b7545b3f333a6b07042b68b102141554c9add2e979dab7b0f8ed6378f7af7d7"},
]

[package.extras]
all = ["typing-extensions (>=3.10.0.0)"]
dev = ["autoapi (>=0.9.0)", "coverage (>=5.5)", "mypy (>=0.800)", "numpy", "pytest (>=4.0.0)", "sphinx", "sphinx (>=4.1.0)", "tox (>=3.20.1)", "typing-extensions"]
doc-rtd = ["furo (==2022.6.21)", "sphinx (==4.1.0)"]
test-tox = ["mypy (>=0.800)", "numpy", "pytest (>=4.0.0)", "sphinx", "typing-extensions"]
test-tox-coverage = ["coverage (>=5.5)"]

[[package]]
name = "ruff"
version = "0.0.238"
description = "An extremely fast Python linter, written in Rust."
category = "main"
optional = false
python-versions = ">=3.7"
files = [
    {file = "ruff-0.0.238-py3-none-macosx_10_7_x86_64.whl", hash = "sha256:5ece63aaaf3abbdaaba9553271619d28be2cd53e628a6f15056c4bf26d4e65ae"},
    {file = "ruff-0.0.238-py3-none-macosx_10_9_x86_64.macosx_11_0_arm64.macosx_10_9_universal2.whl", hash = "sha256:78e1784ebd0446365b280d520a0e6b7bea1f75e2e4ab6f5427d4b325ddce5f37"},
    {file = "ruff-0.0.238-py3-none-manylinux_2_17_aarch64.manylinux2014_aarch64.whl", hash = "sha256:e490c2ee81c0760349a7574786b78121a1fb500bdcd614562c75862a6aae3d96"},
    {file = "ruff-0.0.238-py3-none-manylinux_2_17_armv7l.manylinux2014_armv7l.whl", hash = "sha256:37a5f9e372490411ae9a93fed9dd8aeb55094f8bddef75f2277d4fda124cf163"},
    {file = "ruff-0.0.238-py3-none-manylinux_2_17_i686.manylinux2014_i686.whl", hash = "sha256:e3efd99740875e732c0249f6232a8cec0603fdd44a47ab2720f01d03497ecf55"},
    {file = "ruff-0.0.238-py3-none-manylinux_2_17_ppc64.manylinux2014_ppc64.whl", hash = "sha256:3affa691716d9049e2974ca44e00e8c9349a33fc3413a5fdffb01b2dde6a29c6"},
    {file = "ruff-0.0.238-py3-none-manylinux_2_17_ppc64le.manylinux2014_ppc64le.whl", hash = "sha256:dfff05edd48ff178eeb77707d7b1751180130d86dabf7a46c93c1835e37c112b"},
    {file = "ruff-0.0.238-py3-none-manylinux_2_17_s390x.manylinux2014_s390x.whl", hash = "sha256:e801e8e51317056491006a64841cb982e21e4a1f2e960b3318135ca4cbbde0b4"},
    {file = "ruff-0.0.238-py3-none-manylinux_2_17_x86_64.manylinux2014_x86_64.whl", hash = "sha256:a756ce17cdd81b022ae0af19bc356429371403a154423d50f7f50c7e9d538bad"},
    {file = "ruff-0.0.238-py3-none-musllinux_1_2_aarch64.whl", hash = "sha256:5b90561f657ba483fc42efcd57c00d5f38fe656f5615f5ebdf120699ddb26074"},
    {file = "ruff-0.0.238-py3-none-musllinux_1_2_armv7l.whl", hash = "sha256:38e14286ce3a5c9cf967d25081d716d21bd68e3b4eb89001e3449c22b8d8b62e"},
    {file = "ruff-0.0.238-py3-none-musllinux_1_2_i686.whl", hash = "sha256:8b7326bdfcfdc5d3fbd9a987672bfe0ec7ebe054ae80690e73f84b9c95629b21"},
    {file = "ruff-0.0.238-py3-none-musllinux_1_2_x86_64.whl", hash = "sha256:645bf3857612c39ed4235e773e6bca5298ca706916fed894f22adc6a02cc35c7"},
    {file = "ruff-0.0.238-py3-none-win32.whl", hash = "sha256:3889ba1f1cfa35844d21c0e41d0ee7a8f426f3c06d582277cbe26c683fc67b03"},
    {file = "ruff-0.0.238-py3-none-win_amd64.whl", hash = "sha256:f4422404ac1b5d28c06388ba0b0fab84397301724269fa11f6d262352d8027fe"},
    {file = "ruff-0.0.238.tar.gz", hash = "sha256:b4fee7f554ec267da151386716a9d0757f9ce1c870b1a4b0e0afc870d569adc7"},
]

[[package]]
name = "tomli"
version = "2.0.1"
description = "A lil' TOML parser"
category = "main"
optional = false
python-versions = ">=3.7"
files = [
    {file = "tomli-2.0.1-py3-none-any.whl", hash = "sha256:939de3e7a6161af0c887ef91b7d41a53e7c5a1ca976325f429cb46ea9bc30ecc"},
    {file = "tomli-2.0.1.tar.gz", hash = "sha256:de526c12914f0c550d15924c62d72abc48d6fe7364aa87328337a31007fe8a4f"},
]

[metadata]
lock-version = "2.0"
python-versions = "^3.8.4"
content-hash = "454a695a2ef1dbb6be01f2c709b61aa366de741d54c81ef11366fb6ea08fbb73"
